<Solution>
  <Folder Name="/.solution/">
    <File Path="compose.yaml" />
    <File Path=".gitattributes" />
    <File Path=".gitignore" />
    <File Path=".editorconfig" />
    <File Path="Directory.Build.props" />
    <File Path="Directory.Packages.props" />
  </Folder>
  <Folder Name="/benchmarks/">
    <Project Path="benchmarks/DomainBlocks.EventStore.Benchmarks/DomainBlocks.EventStore.Benchmarks.csproj" />
  </Folder>
  <Folder Name="/deploy/" />
  <Folder Name="/deploy/docker/" />
  <Folder Name="/deploy/docker/benchmarks/">
    <File Path="deploy/docker/benchmarks/Dockerfile" />
  </Folder>
  <Folder Name="/deploy/k8s/">
    <File Path="deploy/k8s/mongo-benchmark-job.yaml" />
    <File Path="deploy/k8s/mongo-init-job.yaml" />
    <File Path="deploy/k8s/mongo-secret.yaml" />
    <File Path="deploy/k8s/mongo-stateful-set.yaml" />
    <File Path="deploy/k8s/namespace.yaml" />
  </Folder>
  <Folder Name="/docs/">
    <File Path="docs/vision.md" />
    <File Path="docs/mongo-event-store-design.md" />
  </Folder>
  <Folder Name="/scripts/">
    <File Path="scripts/init-mongo-replica-set.sh" />
  </Folder>
  <Folder Name="/src/">
    <Project Path="src/DomainBlocks.EventStore.Primitives/DomainBlocks.EventStore.Primitives.csproj" />
    <Project Path="src/DomainBlocks.Core/DomainBlocks.Core.csproj" />
    <Project Path="src/DomainBlocks.EventSourcing/DomainBlocks.EventSourcing.csproj" />
    <Project Path="src/DomainBlocks.EventStore.Abstractions/DomainBlocks.EventStore.Abstractions.csproj" />
    <Project Path="src/DomainBlocks.EventStore.KurrentDB/DomainBlocks.EventStore.KurrentDB.csproj" />
    <Project Path="src/DomainBlocks.EventStore.MongoDB/DomainBlocks.EventStore.MongoDB.csproj" />
    <Project Path="src/DomainBlocks.EventStore/DomainBlocks.EventStore.csproj" />
    <Project Path="src/DomainBlocks.MongoDB.Sequencing.V2/DomainBlocks.MongoDB.Sequencing.V2.csproj" />
    <Project Path="src/DomainBlocks.MongoDB.Sequencing/DomainBlocks.MongoDB.Sequencing.csproj" />
    <Project Path="src/DomainBlocks.Serialization.Abstractions/DomainBlocks.Serialization.Abstractions.csproj" />
    <Project Path="src/DomainBlocks.Serialization.Google.Protobuf/DomainBlocks.Serialization.Google.Protobuf.csproj" />
    <Project Path="src/DomainBlocks.Serialization.MongoDB.Bson.V2/DomainBlocks.Serialization.MongoDB.Bson.V2.csproj" />
    <Project Path="src/DomainBlocks.Serialization.MongoDB.Bson/DomainBlocks.Serialization.MongoDB.Bson.csproj" />
    <Project Path="src/DomainBlocks.Serialization.SystemTextJson/DomainBlocks.Serialization.SystemTextJson.csproj" />
  </Folder>
  <Folder Name="/tests/">
    <Project Path="tests/DomainBlocks.EventStore.MongoDB.Tests.Unit/DomainBlocks.EventStore.MongoDB.Tests.Unit.csproj" />
    <Project Path="tests/DomainBlocks.EventStore.Primitives.Tests.Unit/DomainBlocks.EventStore.Primitives.Tests.Unit.csproj" />
    <Project Path="tests/DomainBlocks.Testing.Integration/DomainBlocks.Testing.Integration.csproj" />
    <Project Path="tests/DomainBlocks.EventSourcing.Tests.Integration/DomainBlocks.EventSourcing.Tests.Integration.csproj" />
    <Project Path="tests/DomainBlocks.EventSourcing.Tests.Unit/DomainBlocks.EventSourcing.Tests.Unit.csproj" />
    <Project Path="tests/DomainBlocks.EventStore.Abstractions.Tests.Unit/DomainBlocks.EventStore.Abstractions.Tests.Unit.csproj" />
    <Project Path="tests/DomainBlocks.EventStore.KurrentDB.Tests.Integration/DomainBlocks.EventStore.KurrentDB.Tests.Integration.csproj" />
    <Project Path="tests/DomainBlocks.EventStore.MongoDB.Tests.Integration/DomainBlocks.EventStore.MongoDB.Tests.Integration.csproj" />
    <Project Path="tests/DomainBlocks.EventStore.Tests.Integration/DomainBlocks.EventStore.Tests.Integration.csproj" />
    <Project Path="tests/DomainBlocks.EventStore.Tests.Unit/DomainBlocks.EventStore.Tests.Unit.csproj" />
    <Project Path="tests/DomainBlocks.MongoDB.Sequencing.Tests.Integration/DomainBlocks.MongoDB.Sequencing.Tests.Integration.csproj" />
    <Project Path="tests/DomainBlocks.MongoDB.Sequencing.V2.Tests.Integration/DomainBlocks.MongoDB.Sequencing.V2.Tests.Integration.csproj" />
    <Project Path="tests/DomainBlocks.Serialization.Google.Protobuf.Tests/DomainBlocks.Serialization.Google.Protobuf.Tests.csproj" />
    <Project Path="tests/DomainBlocks.Testing.Integration.MongoDB.V2/DomainBlocks.Testing.Integration.MongoDB.V2.csproj" />
    <Project Path="tests/DomainBlocks.Testing.Integration.MongoDB/DomainBlocks.Testing.Integration.MongoDB.csproj" />
  </Folder>
</Solution>