
Microsoft Visual Studio Solution File, Format Version 12.00
# Visual Studio Version 17
VisualStudioVersion = 17.0.32112.339
MinimumVisualStudioVersion = 10.0.40219.1
Project("{2150E333-8FDC-42A3-9474-1A3956D46DE8}") = "_Solution Items", "_Solution Items", "{8A122EA1-8627-4264-A1FF-DD5D642D3D19}"
	ProjectSection(SolutionItems) = preProject
		dotnet-tools.json = dotnet-tools.json
		version.json = version.json
	EndProjectSection
EndProject
Project("{2150E333-8FDC-42A3-9474-1A3956D46DE8}") = "src", "src", "{EC8B7EC4-14F0-46F7-B330-0DDEDB5D28F0}"
	ProjectSection(SolutionItems) = preProject
		src\Directory.Build.props = src\Directory.Build.props
	EndProjectSection
EndProject
Project("{FAE04EC0-301F-11D3-BF4B-00C04F79EFBC}") = "DomainBlocks.Logging", "src\DomainBlocks.Logging\DomainBlocks.Logging.csproj", "{EBB3818B-34CA-4E2D-8FB0-A54C002B1CEA}"
EndProject
Project("{FAE04EC0-301F-11D3-BF4B-00C04F79EFBC}") = "DomainBlocks.Core", "src\DomainBlocks.Core\DomainBlocks.Core.csproj", "{96BC7794-69F2-4A60-9B5C-7E2BC184B89E}"
EndProject
Project("{FAE04EC0-301F-11D3-BF4B-00C04F79EFBC}") = "DomainBlocks.DependencyInjection", "src\DomainBlocks.DependencyInjection\DomainBlocks.DependencyInjection.csproj", "{7BC13401-9983-4FA7-AD1D-4EC77363FB08}"
EndProject
Project("{FAE04EC0-301F-11D3-BF4B-00C04F79EFBC}") = "DomainBlocks.Hosting", "src\DomainBlocks.Hosting\DomainBlocks.Hosting.csproj", "{D11A9586-142D-479E-AECB-FFA6E3DE1E3F}"
EndProject
Project("{FAE04EC0-301F-11D3-BF4B-00C04F79EFBC}") = "DomainBlocks.EventStore", "src\DomainBlocks.EventStore\DomainBlocks.EventStore.csproj", "{3F1FE6CB-B808-4547-9C2D-9443F1C7AD90}"
EndProject
Project("{2150E333-8FDC-42A3-9474-1A3956D46DE8}") = "third_party", "third_party", "{C0A26D9E-7E06-4AD8-9830-B1052A2ADD68}"
EndProject
Project("{2150E333-8FDC-42A3-9474-1A3956D46DE8}") = "SQLStreamStore", "SQLStreamStore", "{4CFE9955-FE90-41E6-943A-0253EFDCD438}"
	ProjectSection(SolutionItems) = preProject
		third_party\SQLStreamStore\readme.md = third_party\SQLStreamStore\readme.md
	EndProjectSection
EndProject
Project("{FAE04EC0-301F-11D3-BF4B-00C04F79EFBC}") = "DomainBlocks.ThirdParty.SqlStreamStore", "third_party\SQLStreamStore\src\DomainBlocks.ThirdParty.SqlStreamStore\DomainBlocks.ThirdParty.SqlStreamStore.csproj", "{E3939DD1-4A71-4949-8255-61CDF56F3D87}"
EndProject
Project("{FAE04EC0-301F-11D3-BF4B-00C04F79EFBC}") = "DomainBlocks.ThirdParty.SqlStreamStore.Postgres", "third_party\SQLStreamStore\src\DomainBlocks.ThirdParty.SqlStreamStore.Postgres\DomainBlocks.ThirdParty.SqlStreamStore.Postgres.csproj", "{C3D4FCA8-6208-4011-AC4B-35C1D8144D41}"
EndProject
Project("{FAE04EC0-301F-11D3-BF4B-00C04F79EFBC}") = "DomainBlocks.ThirdParty.SqlStreamStore.TestUtils", "third_party\SQLStreamStore\tests\DomainBlocks.ThirdParty.SqlStreamStore.TestUtils\DomainBlocks.ThirdParty.SqlStreamStore.TestUtils.csproj", "{FC2E6F59-E812-4AF3-B0C8-388952D17AE6}"
EndProject
Project("{FAE04EC0-301F-11D3-BF4B-00C04F79EFBC}") = "DomainBlocks.ThirdParty.SqlStreamStore.Tests", "third_party\SQLStreamStore\tests\DomainBlocks.ThirdParty.SqlStreamStore.Tests\DomainBlocks.ThirdParty.SqlStreamStore.Tests.csproj", "{87EF13AE-4A46-4BF8-8153-0C45851F9D06}"
EndProject
Project("{FAE04EC0-301F-11D3-BF4B-00C04F79EFBC}") = "DomainBlocks.ThirdParty.SqlStreamStore.Postgres.Tests", "third_party\SQLStreamStore\tests\DomainBlocks.ThirdParty.SqlStreamStore.Postgres.Tests\DomainBlocks.ThirdParty.SqlStreamStore.Postgres.Tests.csproj", "{6F59C307-C2BD-4443-AD16-0B79ADCDA59B}"
EndProject
Project("{FAE04EC0-301F-11D3-BF4B-00C04F79EFBC}") = "DomainBlocks.SqlStreamStore", "src\DomainBlocks.SqlStreamStore\DomainBlocks.SqlStreamStore.csproj", "{87722ABD-FD3A-418F-A949-84B2BF100F2C}"
EndProject
Project("{FAE04EC0-301F-11D3-BF4B-00C04F79EFBC}") = "DomainBlocks.SqlStreamStore.Postgres", "src\DomainBlocks.SqlStreamStore.Postgres\DomainBlocks.SqlStreamStore.Postgres.csproj", "{6F6CAF02-7A36-4A08-A332-760B22417CE7}"
EndProject
Project("{2150E333-8FDC-42A3-9474-1A3956D46DE8}") = "examples", "examples", "{D35B40DA-5431-4CEE-B5B7-87648803FA12}"
EndProject
Project("{2150E333-8FDC-42A3-9474-1A3956D46DE8}") = "tests", "tests", "{108A4B4E-435D-457B-B175-1B9A96D26720}"
	ProjectSection(SolutionItems) = preProject
		tests\docker-compose.test.yml = tests\docker-compose.test.yml
		tests\Directory.Build.props = tests\Directory.Build.props
	EndProjectSection
EndProject
Project("{FAE04EC0-301F-11D3-BF4B-00C04F79EFBC}") = "DomainBlocks.Core.Tests", "tests\DomainBlocks.Core.Tests\DomainBlocks.Core.Tests.csproj", "{A55B86B8-CF2F-413C-966F-42341DBC6C7D}"
EndProject
Project("{FAE04EC0-301F-11D3-BF4B-00C04F79EFBC}") = "DomainBlocks.EventStore.Testing", "tests\DomainBlocks.EventStore.Testing\DomainBlocks.EventStore.Testing.csproj", "{487E57FB-59B2-496B-8CEB-2275B5B7FF84}"
EndProject
Project("{FAE04EC0-301F-11D3-BF4B-00C04F79EFBC}") = "DomainBlocks.EventStore.Tests", "tests\DomainBlocks.EventStore.Tests\DomainBlocks.EventStore.Tests.csproj", "{633D1FA9-6728-4442-9131-C0A86F23E688}"
EndProject
Project("{FAE04EC0-301F-11D3-BF4B-00C04F79EFBC}") = "DomainBlocks.SqlStreamStore.Tests", "tests\DomainBlocks.SqlStreamStore.Tests\DomainBlocks.SqlStreamStore.Tests.csproj", "{F844D3FD-4F97-4666-AA7B-8A47176DB95E}"
EndProject
Project("{FAE04EC0-301F-11D3-BF4B-00C04F79EFBC}") = "DomainBlocks.Testing", "tests\DomainBlocks.Testing\DomainBlocks.Testing.csproj", "{8703A5C4-78A5-4FB2-909A-3CAC68D7DE14}"
EndProject
Project("{2150E333-8FDC-42A3-9474-1A3956D46DE8}") = "src", "src", "{AA4572A1-AF9B-46E4-9AB2-976680BBDD13}"
	ProjectSection(SolutionItems) = preProject
		third_party\SQLStreamStore\src\Directory.Build.props = third_party\SQLStreamStore\src\Directory.Build.props
	EndProjectSection
EndProject
Project("{2150E333-8FDC-42A3-9474-1A3956D46DE8}") = "tests", "tests", "{AE5A2B5F-DD18-49AC-8D85-98422011FD42}"
	ProjectSection(SolutionItems) = preProject
		third_party\SQLStreamStore\tests\Directory.Build.props = third_party\SQLStreamStore\tests\Directory.Build.props
	EndProjectSection
EndProject
Project("{2150E333-8FDC-42A3-9474-1A3956D46DE8}") = "benchmarks", "benchmarks", "{AF9DE3C6-EFAF-40E5-8A73-A90DD16EE19B}"
EndProject
Project("{FAE04EC0-301F-11D3-BF4B-00C04F79EFBC}") = "DomainBlocks.Core.Benchmarks", "benchmarks\DomainBlocks.Core.Benchmarks\DomainBlocks.Core.Benchmarks.csproj", "{94D4A429-9AF8-4B0C-91FB-602A39599102}"
EndProject
Project("{2150E333-8FDC-42A3-9474-1A3956D46DE8}") = "shopping", "shopping", "{3CAFDCD3-8566-48F0-ADCE-A51E5710A886}"
	ProjectSection(SolutionItems) = preProject
		examples\shopping\Directory.Build.props = examples\shopping\Directory.Build.props
		examples\shopping\docker-compose.arm64.yml = examples\shopping\docker-compose.arm64.yml
		examples\shopping\docker-compose.override.yml = examples\shopping\docker-compose.override.yml
		examples\shopping\docker-compose.yml = examples\shopping\docker-compose.yml
	EndProjectSection
EndProject
Project("{FAE04EC0-301F-11D3-BF4B-00C04F79EFBC}") = "Shopping.Domain.Events", "examples\shopping\Shopping.Domain.Events\Shopping.Domain.Events.csproj", "{F177B977-EDA2-465D-BEDB-0D1E63C44563}"
EndProject
Project("{FAE04EC0-301F-11D3-BF4B-00C04F79EFBC}") = "Shopping.Domain", "examples\shopping\Shopping.Domain\Shopping.Domain.csproj", "{DE23842F-A9CE-45B4-9CA3-A6E367E2FD22}"
EndProject
Project("{FAE04EC0-301F-11D3-BF4B-00C04F79EFBC}") = "Shopping.Domain.Tests", "examples\shopping\Shopping.Domain.Tests\Shopping.Domain.Tests.csproj", "{63DAABC8-6925-49CD-82EE-E05055434072}"
EndProject
Project("{FAE04EC0-301F-11D3-BF4B-00C04F79EFBC}") = "Shopping.Infrastructure.Tests", "examples\shopping\Shopping.Infrastructure.Tests\Shopping.Infrastructure.Tests.csproj", "{70AA4D06-31B9-40DB-AEEE-C522FA2967AA}"
EndProject
Project("{FAE04EC0-301F-11D3-BF4B-00C04F79EFBC}") = "Shopping.Api", "examples\shopping\Shopping.Api\Shopping.Api.csproj", "{EC7FCBE4-0CB6-49BF-97F3-B5398ADB2828}"
EndProject
Project("{FAE04EC0-301F-11D3-BF4B-00C04F79EFBC}") = "Shopping.ReadModel", "examples\shopping\Shopping.ReadModel\Shopping.ReadModel.csproj", "{6CD47668-7C1E-4FA7-B322-4B7843978356}"
EndProject
Project("{2150E333-8FDC-42A3-9474-1A3956D46DE8}") = "projections", "projections", "{208DCA1D-1CC6-4827-9429-98CED3B53687}"
EndProject
Project("{FAE04EC0-301F-11D3-BF4B-00C04F79EFBC}") = "Projections.Playground", "examples\projections\Projections.Playground\Projections.Playground.csproj", "{279FA99D-967E-4322-82DD-57A8F9FAC85C}"
EndProject
Project("{FAE04EC0-301F-11D3-BF4B-00C04F79EFBC}") = "DomainBlocks.Persistence", "src\DomainBlocks.Persistence\DomainBlocks.Persistence.csproj", "{3CF709B2-CCDD-4035-8A00-85AFD2E9B2D9}"
EndProject
Project("{FAE04EC0-301F-11D3-BF4B-00C04F79EFBC}") = "DomainBlocks.Persistence.EventStoreDb", "src\DomainBlocks.Persistence.EventStoreDb\DomainBlocks.Persistence.EventStoreDb.csproj", "{35223967-3E3A-4514-8C24-29BB39F7895B}"
EndProject
Project("{FAE04EC0-301F-11D3-BF4B-00C04F79EFBC}") = "DomainBlocks.Persistence.SqlStreamStore", "src\DomainBlocks.Persistence.SqlStreamStore\DomainBlocks.Persistence.SqlStreamStore.csproj", "{776F8939-0F91-4320-BC80-41568AA0A1A4}"
EndProject
Project("{FAE04EC0-301F-11D3-BF4B-00C04F79EFBC}") = "DomainBlocks.Persistence.Tests", "tests\DomainBlocks.Persistence.Tests\DomainBlocks.Persistence.Tests.csproj", "{CCECA940-E8D7-4FB8-81ED-0176C866FB35}"
EndProject
Project("{FAE04EC0-301F-11D3-BF4B-00C04F79EFBC}") = "DomainBlocks.Persistence.Tests.Integration", "tests\DomainBlocks.Persistence.Tests.Integration\DomainBlocks.Persistence.Tests.Integration.csproj", "{7505FB44-11D1-4EF7-8C60-583DBA36BD14}"
EndProject
Project("{FAE04EC0-301F-11D3-BF4B-00C04F79EFBC}") = "Shopping.Api2", "examples\shopping\Shopping.Api2\Shopping.Api2.csproj", "{CD510236-162C-48AE-962E-A9B3EA931366}"
EndProject
Project("{FAE04EC0-301F-11D3-BF4B-00C04F79EFBC}") = "DomainBlocks.Persistence.DependencyInjection", "src\DomainBlocks.Persistence.DependencyInjection\DomainBlocks.Persistence.DependencyInjection.csproj", "{E9A3E6BD-47A9-41F0-8899-D149A72686F9}"
EndProject
Global
	GlobalSection(SolutionConfigurationPlatforms) = preSolution
		Debug|Any CPU = Debug|Any CPU
		Release|Any CPU = Release|Any CPU
	EndGlobalSection
	GlobalSection(ProjectConfigurationPlatforms) = postSolution
		{EBB3818B-34CA-4E2D-8FB0-A54C002B1CEA}.Debug|Any CPU.ActiveCfg = Debug|Any CPU
		{EBB3818B-34CA-4E2D-8FB0-A54C002B1CEA}.Debug|Any CPU.Build.0 = Debug|Any CPU
		{EBB3818B-34CA-4E2D-8FB0-A54C002B1CEA}.Release|Any CPU.ActiveCfg = Release|Any CPU
		{EBB3818B-34CA-4E2D-8FB0-A54C002B1CEA}.Release|Any CPU.Build.0 = Release|Any CPU
		{96BC7794-69F2-4A60-9B5C-7E2BC184B89E}.Debug|Any CPU.ActiveCfg = Debug|Any CPU
		{96BC7794-69F2-4A60-9B5C-7E2BC184B89E}.Debug|Any CPU.Build.0 = Debug|Any CPU
		{96BC7794-69F2-4A60-9B5C-7E2BC184B89E}.Release|Any CPU.ActiveCfg = Release|Any CPU
		{96BC7794-69F2-4A60-9B5C-7E2BC184B89E}.Release|Any CPU.Build.0 = Release|Any CPU
		{7BC13401-9983-4FA7-AD1D-4EC77363FB08}.Debug|Any CPU.ActiveCfg = Debug|Any CPU
		{7BC13401-9983-4FA7-AD1D-4EC77363FB08}.Debug|Any CPU.Build.0 = Debug|Any CPU
		{7BC13401-9983-4FA7-AD1D-4EC77363FB08}.Release|Any CPU.ActiveCfg = Release|Any CPU
		{7BC13401-9983-4FA7-AD1D-4EC77363FB08}.Release|Any CPU.Build.0 = Release|Any CPU
		{D11A9586-142D-479E-AECB-FFA6E3DE1E3F}.Debug|Any CPU.ActiveCfg = Debug|Any CPU
		{D11A9586-142D-479E-AECB-FFA6E3DE1E3F}.Debug|Any CPU.Build.0 = Debug|Any CPU
		{D11A9586-142D-479E-AECB-FFA6E3DE1E3F}.Release|Any CPU.ActiveCfg = Release|Any CPU
		{D11A9586-142D-479E-AECB-FFA6E3DE1E3F}.Release|Any CPU.Build.0 = Release|Any CPU
		{3F1FE6CB-B808-4547-9C2D-9443F1C7AD90}.Debug|Any CPU.ActiveCfg = Debug|Any CPU
		{3F1FE6CB-B808-4547-9C2D-9443F1C7AD90}.Debug|Any CPU.Build.0 = Debug|Any CPU
		{3F1FE6CB-B808-4547-9C2D-9443F1C7AD90}.Release|Any CPU.ActiveCfg = Release|Any CPU
		{3F1FE6CB-B808-4547-9C2D-9443F1C7AD90}.Release|Any CPU.Build.0 = Release|Any CPU
		{E3939DD1-4A71-4949-8255-61CDF56F3D87}.Debug|Any CPU.ActiveCfg = Debug|Any CPU
		{E3939DD1-4A71-4949-8255-61CDF56F3D87}.Debug|Any CPU.Build.0 = Debug|Any CPU
		{E3939DD1-4A71-4949-8255-61CDF56F3D87}.Release|Any CPU.ActiveCfg = Release|Any CPU
		{E3939DD1-4A71-4949-8255-61CDF56F3D87}.Release|Any CPU.Build.0 = Release|Any CPU
		{C3D4FCA8-6208-4011-AC4B-35C1D8144D41}.Debug|Any CPU.ActiveCfg = Debug|Any CPU
		{C3D4FCA8-6208-4011-AC4B-35C1D8144D41}.Debug|Any CPU.Build.0 = Debug|Any CPU
		{C3D4FCA8-6208-4011-AC4B-35C1D8144D41}.Release|Any CPU.ActiveCfg = Release|Any CPU
		{C3D4FCA8-6208-4011-AC4B-35C1D8144D41}.Release|Any CPU.Build.0 = Release|Any CPU
		{FC2E6F59-E812-4AF3-B0C8-388952D17AE6}.Debug|Any CPU.ActiveCfg = Debug|Any CPU
		{FC2E6F59-E812-4AF3-B0C8-388952D17AE6}.Debug|Any CPU.Build.0 = Debug|Any CPU
		{FC2E6F59-E812-4AF3-B0C8-388952D17AE6}.Release|Any CPU.ActiveCfg = Release|Any CPU
		{FC2E6F59-E812-4AF3-B0C8-388952D17AE6}.Release|Any CPU.Build.0 = Release|Any CPU
		{87EF13AE-4A46-4BF8-8153-0C45851F9D06}.Debug|Any CPU.ActiveCfg = Debug|Any CPU
		{87EF13AE-4A46-4BF8-8153-0C45851F9D06}.Debug|Any CPU.Build.0 = Debug|Any CPU
		{87EF13AE-4A46-4BF8-8153-0C45851F9D06}.Release|Any CPU.ActiveCfg = Release|Any CPU
		{87EF13AE-4A46-4BF8-8153-0C45851F9D06}.Release|Any CPU.Build.0 = Release|Any CPU
		{6F59C307-C2BD-4443-AD16-0B79ADCDA59B}.Debug|Any CPU.ActiveCfg = Debug|Any CPU
		{6F59C307-C2BD-4443-AD16-0B79ADCDA59B}.Debug|Any CPU.Build.0 = Debug|Any CPU
		{6F59C307-C2BD-4443-AD16-0B79ADCDA59B}.Release|Any CPU.ActiveCfg = Release|Any CPU
		{6F59C307-C2BD-4443-AD16-0B79ADCDA59B}.Release|Any CPU.Build.0 = Release|Any CPU
		{87722ABD-FD3A-418F-A949-84B2BF100F2C}.Debug|Any CPU.ActiveCfg = Debug|Any CPU
		{87722ABD-FD3A-418F-A949-84B2BF100F2C}.Debug|Any CPU.Build.0 = Debug|Any CPU
		{87722ABD-FD3A-418F-A949-84B2BF100F2C}.Release|Any CPU.ActiveCfg = Release|Any CPU
		{87722ABD-FD3A-418F-A949-84B2BF100F2C}.Release|Any CPU.Build.0 = Release|Any CPU
		{6F6CAF02-7A36-4A08-A332-760B22417CE7}.Debug|Any CPU.ActiveCfg = Debug|Any CPU
		{6F6CAF02-7A36-4A08-A332-760B22417CE7}.Debug|Any CPU.Build.0 = Debug|Any CPU
		{6F6CAF02-7A36-4A08-A332-760B22417CE7}.Release|Any CPU.ActiveCfg = Release|Any CPU
		{6F6CAF02-7A36-4A08-A332-760B22417CE7}.Release|Any CPU.Build.0 = Release|Any CPU
		{A55B86B8-CF2F-413C-966F-42341DBC6C7D}.Debug|Any CPU.ActiveCfg = Debug|Any CPU
		{A55B86B8-CF2F-413C-966F-42341DBC6C7D}.Debug|Any CPU.Build.0 = Debug|Any CPU
		{A55B86B8-CF2F-413C-966F-42341DBC6C7D}.Release|Any CPU.ActiveCfg = Release|Any CPU
		{A55B86B8-CF2F-413C-966F-42341DBC6C7D}.Release|Any CPU.Build.0 = Release|Any CPU
		{487E57FB-59B2-496B-8CEB-2275B5B7FF84}.Debug|Any CPU.ActiveCfg = Debug|Any CPU
		{487E57FB-59B2-496B-8CEB-2275B5B7FF84}.Debug|Any CPU.Build.0 = Debug|Any CPU
		{487E57FB-59B2-496B-8CEB-2275B5B7FF84}.Release|Any CPU.ActiveCfg = Release|Any CPU
		{487E57FB-59B2-496B-8CEB-2275B5B7FF84}.Release|Any CPU.Build.0 = Release|Any CPU
		{633D1FA9-6728-4442-9131-C0A86F23E688}.Debug|Any CPU.ActiveCfg = Debug|Any CPU
		{633D1FA9-6728-4442-9131-C0A86F23E688}.Debug|Any CPU.Build.0 = Debug|Any CPU
		{633D1FA9-6728-4442-9131-C0A86F23E688}.Release|Any CPU.ActiveCfg = Release|Any CPU
		{633D1FA9-6728-4442-9131-C0A86F23E688}.Release|Any CPU.Build.0 = Release|Any CPU
		{F844D3FD-4F97-4666-AA7B-8A47176DB95E}.Debug|Any CPU.ActiveCfg = Debug|Any CPU
		{F844D3FD-4F97-4666-AA7B-8A47176DB95E}.Debug|Any CPU.Build.0 = Debug|Any CPU
		{F844D3FD-4F97-4666-AA7B-8A47176DB95E}.Release|Any CPU.ActiveCfg = Release|Any CPU
		{F844D3FD-4F97-4666-AA7B-8A47176DB95E}.Release|Any CPU.Build.0 = Release|Any CPU
		{8703A5C4-78A5-4FB2-909A-3CAC68D7DE14}.Debug|Any CPU.ActiveCfg = Debug|Any CPU
		{8703A5C4-78A5-4FB2-909A-3CAC68D7DE14}.Debug|Any CPU.Build.0 = Debug|Any CPU
		{8703A5C4-78A5-4FB2-909A-3CAC68D7DE14}.Release|Any CPU.ActiveCfg = Release|Any CPU
		{8703A5C4-78A5-4FB2-909A-3CAC68D7DE14}.Release|Any CPU.Build.0 = Release|Any CPU
		{94D4A429-9AF8-4B0C-91FB-602A39599102}.Debug|Any CPU.ActiveCfg = Debug|Any CPU
		{94D4A429-9AF8-4B0C-91FB-602A39599102}.Debug|Any CPU.Build.0 = Debug|Any CPU
		{94D4A429-9AF8-4B0C-91FB-602A39599102}.Release|Any CPU.ActiveCfg = Release|Any CPU
		{94D4A429-9AF8-4B0C-91FB-602A39599102}.Release|Any CPU.Build.0 = Release|Any CPU
		{F177B977-EDA2-465D-BEDB-0D1E63C44563}.Debug|Any CPU.ActiveCfg = Debug|Any CPU
		{F177B977-EDA2-465D-BEDB-0D1E63C44563}.Debug|Any CPU.Build.0 = Debug|Any CPU
		{F177B977-EDA2-465D-BEDB-0D1E63C44563}.Release|Any CPU.ActiveCfg = Release|Any CPU
		{F177B977-EDA2-465D-BEDB-0D1E63C44563}.Release|Any CPU.Build.0 = Release|Any CPU
		{DE23842F-A9CE-45B4-9CA3-A6E367E2FD22}.Debug|Any CPU.ActiveCfg = Debug|Any CPU
		{DE23842F-A9CE-45B4-9CA3-A6E367E2FD22}.Debug|Any CPU.Build.0 = Debug|Any CPU
		{DE23842F-A9CE-45B4-9CA3-A6E367E2FD22}.Release|Any CPU.ActiveCfg = Release|Any CPU
		{DE23842F-A9CE-45B4-9CA3-A6E367E2FD22}.Release|Any CPU.Build.0 = Release|Any CPU
		{63DAABC8-6925-49CD-82EE-E05055434072}.Debug|Any CPU.ActiveCfg = Debug|Any CPU
		{63DAABC8-6925-49CD-82EE-E05055434072}.Debug|Any CPU.Build.0 = Debug|Any CPU
		{63DAABC8-6925-49CD-82EE-E05055434072}.Release|Any CPU.ActiveCfg = Release|Any CPU
		{63DAABC8-6925-49CD-82EE-E05055434072}.Release|Any CPU.Build.0 = Release|Any CPU
		{70AA4D06-31B9-40DB-AEEE-C522FA2967AA}.Debug|Any CPU.ActiveCfg = Debug|Any CPU
		{70AA4D06-31B9-40DB-AEEE-C522FA2967AA}.Debug|Any CPU.Build.0 = Debug|Any CPU
		{70AA4D06-31B9-40DB-AEEE-C522FA2967AA}.Release|Any CPU.ActiveCfg = Release|Any CPU
		{70AA4D06-31B9-40DB-AEEE-C522FA2967AA}.Release|Any CPU.Build.0 = Release|Any CPU
		{EC7FCBE4-0CB6-49BF-97F3-B5398ADB2828}.Debug|Any CPU.ActiveCfg = Debug|Any CPU
		{EC7FCBE4-0CB6-49BF-97F3-B5398ADB2828}.Debug|Any CPU.Build.0 = Debug|Any CPU
		{EC7FCBE4-0CB6-49BF-97F3-B5398ADB2828}.Release|Any CPU.ActiveCfg = Release|Any CPU
		{EC7FCBE4-0CB6-49BF-97F3-B5398ADB2828}.Release|Any CPU.Build.0 = Release|Any CPU
		{6CD47668-7C1E-4FA7-B322-4B7843978356}.Debug|Any CPU.ActiveCfg = Debug|Any CPU
		{6CD47668-7C1E-4FA7-B322-4B7843978356}.Debug|Any CPU.Build.0 = Debug|Any CPU
		{6CD47668-7C1E-4FA7-B322-4B7843978356}.Release|Any CPU.ActiveCfg = Release|Any CPU
		{6CD47668-7C1E-4FA7-B322-4B7843978356}.Release|Any CPU.Build.0 = Release|Any CPU
		{279FA99D-967E-4322-82DD-57A8F9FAC85C}.Debug|Any CPU.ActiveCfg = Debug|Any CPU
		{279FA99D-967E-4322-82DD-57A8F9FAC85C}.Debug|Any CPU.Build.0 = Debug|Any CPU
		{279FA99D-967E-4322-82DD-57A8F9FAC85C}.Release|Any CPU.ActiveCfg = Release|Any CPU
		{279FA99D-967E-4322-82DD-57A8F9FAC85C}.Release|Any CPU.Build.0 = Release|Any CPU
		{3CF709B2-CCDD-4035-8A00-85AFD2E9B2D9}.Debug|Any CPU.ActiveCfg = Debug|Any CPU
		{3CF709B2-CCDD-4035-8A00-85AFD2E9B2D9}.Debug|Any CPU.Build.0 = Debug|Any CPU
		{3CF709B2-CCDD-4035-8A00-85AFD2E9B2D9}.Release|Any CPU.ActiveCfg = Release|Any CPU
		{3CF709B2-CCDD-4035-8A00-85AFD2E9B2D9}.Release|Any CPU.Build.0 = Release|Any CPU
		{35223967-3E3A-4514-8C24-29BB39F7895B}.Debug|Any CPU.ActiveCfg = Debug|Any CPU
		{35223967-3E3A-4514-8C24-29BB39F7895B}.Debug|Any CPU.Build.0 = Debug|Any CPU
		{35223967-3E3A-4514-8C24-29BB39F7895B}.Release|Any CPU.ActiveCfg = Release|Any CPU
		{35223967-3E3A-4514-8C24-29BB39F7895B}.Release|Any CPU.Build.0 = Release|Any CPU
		{776F8939-0F91-4320-BC80-41568AA0A1A4}.Debug|Any CPU.ActiveCfg = Debug|Any CPU
		{776F8939-0F91-4320-BC80-41568AA0A1A4}.Debug|Any CPU.Build.0 = Debug|Any CPU
		{776F8939-0F91-4320-BC80-41568AA0A1A4}.Release|Any CPU.ActiveCfg = Release|Any CPU
		{776F8939-0F91-4320-BC80-41568AA0A1A4}.Release|Any CPU.Build.0 = Release|Any CPU
		{CCECA940-E8D7-4FB8-81ED-0176C866FB35}.Debug|Any CPU.ActiveCfg = Debug|Any CPU
		{CCECA940-E8D7-4FB8-81ED-0176C866FB35}.Debug|Any CPU.Build.0 = Debug|Any CPU
		{CCECA940-E8D7-4FB8-81ED-0176C866FB35}.Release|Any CPU.ActiveCfg = Release|Any CPU
		{CCECA940-E8D7-4FB8-81ED-0176C866FB35}.Release|Any CPU.Build.0 = Release|Any CPU
		{7505FB44-11D1-4EF7-8C60-583DBA36BD14}.Debug|Any CPU.ActiveCfg = Debug|Any CPU
		{7505FB44-11D1-4EF7-8C60-583DBA36BD14}.Debug|Any CPU.Build.0 = Debug|Any CPU
		{7505FB44-11D1-4EF7-8C60-583DBA36BD14}.Release|Any CPU.ActiveCfg = Release|Any CPU
		{7505FB44-11D1-4EF7-8C60-583DBA36BD14}.Release|Any CPU.Build.0 = Release|Any CPU
		{CD510236-162C-48AE-962E-A9B3EA931366}.Debug|Any CPU.ActiveCfg = Debug|Any CPU
		{CD510236-162C-48AE-962E-A9B3EA931366}.Debug|Any CPU.Build.0 = Debug|Any CPU
		{CD510236-162C-48AE-962E-A9B3EA931366}.Release|Any CPU.ActiveCfg = Release|Any CPU
		{CD510236-162C-48AE-962E-A9B3EA931366}.Release|Any CPU.Build.0 = Release|Any CPU
		{E9A3E6BD-47A9-41F0-8899-D149A72686F9}.Debug|Any CPU.ActiveCfg = Debug|Any CPU
		{E9A3E6BD-47A9-41F0-8899-D149A72686F9}.Debug|Any CPU.Build.0 = Debug|Any CPU
		{E9A3E6BD-47A9-41F0-8899-D149A72686F9}.Release|Any CPU.ActiveCfg = Release|Any CPU
		{E9A3E6BD-47A9-41F0-8899-D149A72686F9}.Release|Any CPU.Build.0 = Release|Any CPU
	EndGlobalSection
	GlobalSection(SolutionProperties) = preSolution
		HideSolutionNode = FALSE
	EndGlobalSection
	GlobalSection(NestedProjects) = preSolution
		{EBB3818B-34CA-4E2D-8FB0-A54C002B1CEA} = {EC8B7EC4-14F0-46F7-B330-0DDEDB5D28F0}
		{96BC7794-69F2-4A60-9B5C-7E2BC184B89E} = {EC8B7EC4-14F0-46F7-B330-0DDEDB5D28F0}
		{7BC13401-9983-4FA7-AD1D-4EC77363FB08} = {EC8B7EC4-14F0-46F7-B330-0DDEDB5D28F0}
		{D11A9586-142D-479E-AECB-FFA6E3DE1E3F} = {EC8B7EC4-14F0-46F7-B330-0DDEDB5D28F0}
		{3F1FE6CB-B808-4547-9C2D-9443F1C7AD90} = {EC8B7EC4-14F0-46F7-B330-0DDEDB5D28F0}
		{4CFE9955-FE90-41E6-943A-0253EFDCD438} = {C0A26D9E-7E06-4AD8-9830-B1052A2ADD68}
		{87722ABD-FD3A-418F-A949-84B2BF100F2C} = {EC8B7EC4-14F0-46F7-B330-0DDEDB5D28F0}
		{6F6CAF02-7A36-4A08-A332-760B22417CE7} = {EC8B7EC4-14F0-46F7-B330-0DDEDB5D28F0}
		{A55B86B8-CF2F-413C-966F-42341DBC6C7D} = {108A4B4E-435D-457B-B175-1B9A96D26720}
		{487E57FB-59B2-496B-8CEB-2275B5B7FF84} = {108A4B4E-435D-457B-B175-1B9A96D26720}
		{633D1FA9-6728-4442-9131-C0A86F23E688} = {108A4B4E-435D-457B-B175-1B9A96D26720}
		{F844D3FD-4F97-4666-AA7B-8A47176DB95E} = {108A4B4E-435D-457B-B175-1B9A96D26720}
		{8703A5C4-78A5-4FB2-909A-3CAC68D7DE14} = {108A4B4E-435D-457B-B175-1B9A96D26720}
		{AA4572A1-AF9B-46E4-9AB2-976680BBDD13} = {4CFE9955-FE90-41E6-943A-0253EFDCD438}
		{AE5A2B5F-DD18-49AC-8D85-98422011FD42} = {4CFE9955-FE90-41E6-943A-0253EFDCD438}
		{E3939DD1-4A71-4949-8255-61CDF56F3D87} = {AA4572A1-AF9B-46E4-9AB2-976680BBDD13}
		{C3D4FCA8-6208-4011-AC4B-35C1D8144D41} = {AA4572A1-AF9B-46E4-9AB2-976680BBDD13}
		{6F59C307-C2BD-4443-AD16-0B79ADCDA59B} = {AE5A2B5F-DD18-49AC-8D85-98422011FD42}
		{87EF13AE-4A46-4BF8-8153-0C45851F9D06} = {AE5A2B5F-DD18-49AC-8D85-98422011FD42}
		{FC2E6F59-E812-4AF3-B0C8-388952D17AE6} = {AE5A2B5F-DD18-49AC-8D85-98422011FD42}
		{94D4A429-9AF8-4B0C-91FB-602A39599102} = {AF9DE3C6-EFAF-40E5-8A73-A90DD16EE19B}
		{3CAFDCD3-8566-48F0-ADCE-A51E5710A886} = {D35B40DA-5431-4CEE-B5B7-87648803FA12}
		{F177B977-EDA2-465D-BEDB-0D1E63C44563} = {3CAFDCD3-8566-48F0-ADCE-A51E5710A886}
		{DE23842F-A9CE-45B4-9CA3-A6E367E2FD22} = {3CAFDCD3-8566-48F0-ADCE-A51E5710A886}
		{63DAABC8-6925-49CD-82EE-E05055434072} = {3CAFDCD3-8566-48F0-ADCE-A51E5710A886}
		{70AA4D06-31B9-40DB-AEEE-C522FA2967AA} = {3CAFDCD3-8566-48F0-ADCE-A51E5710A886}
		{EC7FCBE4-0CB6-49BF-97F3-B5398ADB2828} = {3CAFDCD3-8566-48F0-ADCE-A51E5710A886}
		{6CD47668-7C1E-4FA7-B322-4B7843978356} = {3CAFDCD3-8566-48F0-ADCE-A51E5710A886}
		{208DCA1D-1CC6-4827-9429-98CED3B53687} = {D35B40DA-5431-4CEE-B5B7-87648803FA12}
		{279FA99D-967E-4322-82DD-57A8F9FAC85C} = {208DCA1D-1CC6-4827-9429-98CED3B53687}
		{3CF709B2-CCDD-4035-8A00-85AFD2E9B2D9} = {EC8B7EC4-14F0-46F7-B330-0DDEDB5D28F0}
		{35223967-3E3A-4514-8C24-29BB39F7895B} = {EC8B7EC4-14F0-46F7-B330-0DDEDB5D28F0}
		{776F8939-0F91-4320-BC80-41568AA0A1A4} = {EC8B7EC4-14F0-46F7-B330-0DDEDB5D28F0}
		{CCECA940-E8D7-4FB8-81ED-0176C866FB35} = {108A4B4E-435D-457B-B175-1B9A96D26720}
		{7505FB44-11D1-4EF7-8C60-583DBA36BD14} = {108A4B4E-435D-457B-B175-1B9A96D26720}
		{CD510236-162C-48AE-962E-A9B3EA931366} = {3CAFDCD3-8566-48F0-ADCE-A51E5710A886}
		{E9A3E6BD-47A9-41F0-8899-D149A72686F9} = {EC8B7EC4-14F0-46F7-B330-0DDEDB5D28F0}
	EndGlobalSection
	GlobalSection(ExtensibilityGlobals) = postSolution
		SolutionGuid = {BA018103-0F59-4D7F-9119-099BF2CC020F}
	EndGlobalSection
EndGlobal
