<Solution>
  <Folder Name="/.solution/">
    <File Path="compose.yaml" />
    <File Path=".gitattributes" />
    <File Path=".gitignore" />
    <File Path=".editorconfig" />
    <File Path="Directory.Build.props" />
  </Folder>
  <Folder Name="/benchmarks/">
    <Project Path="benchmarks/DomainBlocks.EventStore.Benchmarks/DomainBlocks.EventStore.Benchmarks.csproj" />
  </Folder>
  <Folder Name="/docs/">
    <File Path="docs\vision.md" />
    <File Path="docs\architecture.md" />
  </Folder>
  <Folder Name="/examples/">
    <Project Path="examples\DomainBlocks.Examples.TodoList.Domain\DomainBlocks.Examples.TodoList.Domain.csproj" />
  </Folder>
  <Folder Name="/scripts/">
    <File Path="scripts\init-mongo-replica-set.sh" />
  </Folder>
  <Folder Name="/src/">
    <Project Path="src/DomainBlocks.Coordination.MongoDB/DomainBlocks.Coordination.MongoDB.csproj" />
    <Project Path="src/DomainBlocks.EventStore.MongoDB.Appender.Host/DomainBlocks.EventStore.MongoDB.Appender.Host.csproj" />
    <Project Path="src/DomainBlocks.EventStore.MongoDB.Appender/DomainBlocks.EventStore.MongoDB.Appender.csproj" />
    <Project Path="src/DomainBlocks.EventStore.MongoDB.Client/DomainBlocks.EventStore.MongoDB.Client.csproj" />
    <Project Path="src\DomainBlocks.Core\DomainBlocks.Core.csproj" />
    <Project Path="src\DomainBlocks.EventSourcing\DomainBlocks.EventSourcing.csproj" />
    <Project Path="src\DomainBlocks.EventStore.Abstractions\DomainBlocks.EventStore.Abstractions.csproj" />
    <Project Path="src\DomainBlocks.EventStore.KurrentDB\DomainBlocks.EventStore.KurrentDB.csproj" />
    <Project Path="src\DomainBlocks.EventStore.MongoDB.Generic\DomainBlocks.EventStore.MongoDB.Generic.csproj" />
    <Project Path="src\DomainBlocks.EventStore\DomainBlocks.EventStore.csproj" />
    <Project Path="src\DomainBlocks.Serialization.Abstractions\DomainBlocks.Serialization.Abstractions.csproj" />
    <Project Path="src\DomainBlocks.Serialization.Google.Protobuf\DomainBlocks.Serialization.Google.Protobuf.csproj" />
    <Project Path="src\DomainBlocks.Serialization.MongoDB.Bson\DomainBlocks.Serialization.MongoDB.Bson.csproj" />
    <Project Path="src\DomainBlocks.Serialization.SystemTextJson\DomainBlocks.Serialization.SystemTextJson.csproj" />
  </Folder>
  <Folder Name="/tests/">
    <Project Path="tests/DomainBlocks.Coordination.MongoDB.Tests.Integration/DomainBlocks.Coordination.MongoDB.Tests.Integration.csproj" />
    <Project Path="tests/DomainBlocks.EventStore.MongoDB.Client.Tests.Integration/DomainBlocks.EventStore.MongoDB.Client.Tests.Integration.csproj" />
    <Project Path="tests/DomainBlocks.Testing.Integration/DomainBlocks.Testing.Integration.csproj" />
    <Project Path="tests\DomainBlocks.EventSourcing.Tests.Integration\DomainBlocks.EventSourcing.Tests.Integration.csproj" />
    <Project Path="tests\DomainBlocks.EventSourcing.Tests.Unit\DomainBlocks.EventSourcing.Tests.Unit.csproj" />
    <Project Path="tests\DomainBlocks.EventStore.Abstractions.Tests.Unit\DomainBlocks.EventStore.Abstractions.Tests.Unit.csproj" />
    <Project Path="tests\DomainBlocks.EventStore.KurrentDB.Tests.Integration\DomainBlocks.EventStore.KurrentDB.Tests.Integration.csproj" />
    <Project Path="tests\DomainBlocks.EventStore.MongoDB.Generic.Tests.Integration\DomainBlocks.EventStore.MongoDB.Generic.Tests.Integration.csproj" />
    <Project Path="tests\DomainBlocks.EventStore.Tests.Integration\DomainBlocks.EventStore.Tests.Integration.csproj" />
    <Project Path="tests\DomainBlocks.EventStore.Tests.Unit\DomainBlocks.EventStore.Tests.Unit.csproj" />
    <Project Path="tests\DomainBlocks.Serialization.Google.Protobuf.Tests\DomainBlocks.Serialization.Google.Protobuf.Tests.csproj" />
    <Project Path="tests\DomainBlocks.Testing.Integration.MongoDB\DomainBlocks.Testing.Integration.MongoDB.csproj" />
  </Folder>
</Solution>