
Microsoft Visual Studio Solution File, Format Version 12.00
# Visual Studio Version 16
VisualStudioVersion = 16.0.29806.167
MinimumVisualStudioVersion = 10.0.40219.1
Project("{9A19103F-16F7-4668-BE54-9A1E7A4F7556}") = "DomainBlocks", "DomainBlocks\DomainBlocks.csproj", "{3A908D35-70E7-4DA2-8FC2-1F664CE350FF}"
EndProject
Project("{9A19103F-16F7-4668-BE54-9A1E7A4F7556}") = "Shopping.Domain.Tests", "Examples\Shopping.Domain.Tests\Shopping.Domain.Tests.csproj", "{8E12A7F8-2C98-444C-9242-07164DE58E9C}"
EndProject
Project("{9A19103F-16F7-4668-BE54-9A1E7A4F7556}") = "Shopping.Domain", "Examples\Shopping.Domain\Shopping.Domain.csproj", "{643C07DB-082E-4117-8D75-3CF917E33815}"
EndProject
Project("{9A19103F-16F7-4668-BE54-9A1E7A4F7556}") = "DomainBlocks.Tests", "DomainBlocks.Tests\DomainBlocks.Tests.csproj", "{B62C04E6-2DF3-49BC-8F5E-0A4388DCD9F6}"
EndProject
Project("{2150E333-8FDC-42A3-9474-1A3956D46DE8}") = "Examples", "Examples", "{083A78FB-1B77-4383-868C-D9D3EB0E682E}"
EndProject
Project("{9A19103F-16F7-4668-BE54-9A1E7A4F7556}") = "DomainBlocks.Serialization", "DomainBlocks.Serialization\DomainBlocks.Serialization.csproj", "{9DB7AC64-6806-4C20-A9C8-99CB4AE20F57}"
EndProject
Project("{9A19103F-16F7-4668-BE54-9A1E7A4F7556}") = "DomainBlocks.Persistence.EventStore", "DomainBlocks.Persistence.EventStore\DomainBlocks.Persistence.EventStore.csproj", "{10159135-E0DC-4ABC-9956-228D69E3653E}"
EndProject
Project("{9A19103F-16F7-4668-BE54-9A1E7A4F7556}") = "Shopping.Infrastructure.Tests", "Examples\Shopping.Infrastructure.Tests\Shopping.Infrastructure.Tests.csproj", "{94C7E8B3-87C9-4CC3-9177-B1D5164B2D7D}"
EndProject
Project("{9A19103F-16F7-4668-BE54-9A1E7A4F7556}") = "DomainBlocks.Persistence", "DomainBlocks.Persistence\DomainBlocks.Persistence.csproj", "{94E5BD41-3570-4EE8-B6FA-15EBED519492}"
EndProject
Project("{9A19103F-16F7-4668-BE54-9A1E7A4F7556}") = "DomainBlocks.Serialization.Json", "DomainBlocks.Serialization.Json\DomainBlocks.Serialization.Json.csproj", "{386E9A6A-03A3-4B98-8AFC-203B67E060A5}"
EndProject
Project("{9A19103F-16F7-4668-BE54-9A1E7A4F7556}") = "DomainBlocks.EventStore.Testing", "DomainBlocks.EventStore.Testing\DomainBlocks.EventStore.Testing.csproj", "{F83E06ED-BED9-4167-9B7D-5FB6C984E85A}"
EndProject
Project("{9A19103F-16F7-4668-BE54-9A1E7A4F7556}") = "DomainBlocks.Testing", "DomainBlocks.Testing\DomainBlocks.Testing.csproj", "{D169B6EA-A094-47B4-BCD5-187E8E857489}"
EndProject
Project("{9A19103F-16F7-4668-BE54-9A1E7A4F7556}") = "DomainBlocks.Serialization.Json.Tests", "DomainBlocks.Serialization.Json.Tests\DomainBlocks.Serialization.Json.Tests.csproj", "{22CF038A-3535-421B-A1B1-8F855C0A542F}"
EndProject
Project("{9A19103F-16F7-4668-BE54-9A1E7A4F7556}") = "DomainBlocks.Projections", "DomainBlocks.Projections\DomainBlocks.Projections.csproj", "{B55D275E-122F-4895-AB29-AE037BD4F0DC}"
EndProject
Project("{9A19103F-16F7-4668-BE54-9A1E7A4F7556}") = "DomainBlocks.Projections.EventStore", "DomainBlocks.Projections.EventStore\DomainBlocks.Projections.EventStore.csproj", "{BD0052CF-9994-4DA6-AE51-9D4C18285DB1}"
EndProject
Project("{9A19103F-16F7-4668-BE54-9A1E7A4F7556}") = "DomainBlocks.Projections.Sql", "DomainBlocks.Projections.Sql\DomainBlocks.Projections.Sql.csproj", "{9B53BCEE-C718-46C9-B99E-A815797685A7}"
EndProject
Project("{9A19103F-16F7-4668-BE54-9A1E7A4F7556}") = "DomainBlocks.Projections.Sqlite", "DomainBlocks.Projections.Sqlite\DomainBlocks.Projections.Sqlite.csproj", "{374C051D-512B-4C75-A80F-E79847C2CB96}"
EndProject
Project("{9A19103F-16F7-4668-BE54-9A1E7A4F7556}") = "DomainBlocks.Common", "DomainBlocks.Common\DomainBlocks.Common.csproj", "{4C8BCCC8-CF26-47A4-B1C1-4A835F2DD774}"
EndProject
Project("{9A19103F-16F7-4668-BE54-9A1E7A4F7556}") = "DomainBlocks.Projections.Sql.Tests", "DomainBlocks.Projections.Tests\DomainBlocks.Projections.Sql.Tests.csproj", "{14A5C5DC-92CA-4158-BCC2-4D00DF8A35F9}"
EndProject
Project("{9A19103F-16F7-4668-BE54-9A1E7A4F7556}") = "DomainBlocks.Projections.Sqlite.Tests", "DomainBlocks.Projections.Sqlite.Tests\DomainBlocks.Projections.Sqlite.Tests.csproj", "{04EEB093-7525-4E8E-941F-D144B6F71CC2}"
EndProject
Project("{2150E333-8FDC-42A3-9474-1A3956D46DE8}") = "Projections", "Projections", "{EB200888-007B-45F9-B48D-FEBF2BAF6F5F}"
EndProject
Project("{9A19103F-16F7-4668-BE54-9A1E7A4F7556}") = "Shopping.Api", "Examples\Shopping.Api\Shopping.Api.csproj", "{401032B5-7C6B-4BB3-9FC7-66619B326812}"
EndProject
Project("{9A19103F-16F7-4668-BE54-9A1E7A4F7556}") = "DomainBlocks.Persistence.EventStore.AspNetCore", "DomainBlocks.EventStore.AspNet\DomainBlocks.Persistence.EventStore.AspNetCore.csproj", "{ADD1DE5C-B4AA-4DE2-9500-543F85D63E8F}"
EndProject
Project("{E53339B2-1760-4266-BCC7-CA923CBCF16C}") = "Shopping.DockerCompose", "Examples\Shopping.DockerCompose.dcproj", "{B494CB62-63D3-4514-8272-51F8AD6C61E4}"
EndProject
Project("{2150E333-8FDC-42A3-9474-1A3956D46DE8}") = "_Solution Items", "_Solution Items", "{8A122EA1-8627-4264-A1FF-DD5D642D3D19}"
	ProjectSection(SolutionItems) = preProject
		docker-compose.test.yml = docker-compose.test.yml
	EndProjectSection
EndProject
Project("{9A19103F-16F7-4668-BE54-9A1E7A4F7556}") = "DomainBlocks.Projections.EntityFramework", "DomainBlocks.Projections.EntityFramework\DomainBlocks.Projections.EntityFramework.csproj", "{10CC3451-DB78-463A-8702-1D5EC85E87D5}"
EndProject
Project("{9A19103F-16F7-4668-BE54-9A1E7A4F7556}") = "Shopping.ReadModel", "Examples\Shopping.ReadModel\Shopping.ReadModel.csproj", "{E99B1405-331E-49F2-ACB5-7CA04775DEDE}"
EndProject
Project("{9A19103F-16F7-4668-BE54-9A1E7A4F7556}") = "Shopping.Events", "Examples\Shopping.Events\Shopping.Events.csproj", "{BC5E2846-A445-4C7D-AF92-EA5DF375640A}"
EndProject
Project("{2150E333-8FDC-42A3-9474-1A3956D46DE8}") = "Asp.Net", "Asp.Net", "{58CD75DE-F1E9-4BBD-8945-0BB392EDC8EE}"
EndProject
Project("{9A19103F-16F7-4668-BE54-9A1E7A4F7556}") = "DomainBlocks.Projections.AspNetCore", "DomainBlocks.Projections.AspNetCore\DomainBlocks.Projections.AspNetCore.csproj", "{EDC85C49-2BA1-4730-85E1-22CFCE91991A}"
EndProject
Project("{9A19103F-16F7-4668-BE54-9A1E7A4F7556}") = "DomainBlocks.EventStore.Common.AspNetCore", "DomainBlocks.EventStore.Common.AspNetCore\DomainBlocks.EventStore.Common.AspNetCore.csproj", "{80E0876A-FA44-4586-9BE5-1063E38FB99B}"
EndProject
Project("{9A19103F-16F7-4668-BE54-9A1E7A4F7556}") = "DomainBlocks.Projections.EventStore.AspNetCore", "DomainBlocks.Projections.EventStore.AspNetCore\DomainBlocks.Projections.EventStore.AspNetCore.csproj", "{16BD681C-AB6E-4E59-992E-C6FDCE5F4FAE}"
EndProject
Project("{9A19103F-16F7-4668-BE54-9A1E7A4F7556}") = "DomainBlocks.Serialization.Json.AspNetCore", "DomainBlocks.Serialization.Json.AspNetCore\DomainBlocks.Serialization.Json.AspNetCore.csproj", "{C9B16836-89F0-4778-AC88-08589718C1C0}"
EndProject
Project("{9A19103F-16F7-4668-BE54-9A1E7A4F7556}") = "DomainBlocks.Persistence.AspNetCore", "DomainBlocks.EventPersistence.AspNetCore\DomainBlocks.Persistence.AspNetCore.csproj", "{5290CDE4-6033-433C-BA69-92397AEB6EBA}"
EndProject
Project("{9A19103F-16F7-4668-BE54-9A1E7A4F7556}") = "DomainBlocks.Projections.Serialization.Json.AspNetCore", "DomainBlocks.Projections.Serialization.Json.AspNetCore\DomainBlocks.Projections.Serialization.Json.AspNetCore.csproj", "{CEDFB229-53AF-4D24-B1C4-F2AFF084E022}"
EndProject
Project("{9A19103F-16F7-4668-BE54-9A1E7A4F7556}") = "DomainBlocks.Projections.EntityFramework.AspNetCore", "DomainBlocks.Projections.EntityFramework.AspNetCore\DomainBlocks.Projections.EntityFramework.AspNetCore.csproj", "{F6208EFD-F681-4F9D-9EE7-68EF8CD0D574}"
EndProject
Project("{FAE04EC0-301F-11D3-BF4B-00C04F79EFBC}") = "DomainBlocks.SourceGenerators", "DomainBlocks.SourceGenerators\DomainBlocks.SourceGenerators.csproj", "{39B7A786-F9C6-4D2E-A9F3-0DE759C23834}"
EndProject
Global
	GlobalSection(SolutionConfigurationPlatforms) = preSolution
		Debug|Any CPU = Debug|Any CPU
		Release|Any CPU = Release|Any CPU
	EndGlobalSection
	GlobalSection(ProjectConfigurationPlatforms) = postSolution
		{3A908D35-70E7-4DA2-8FC2-1F664CE350FF}.Debug|Any CPU.ActiveCfg = Debug|Any CPU
		{3A908D35-70E7-4DA2-8FC2-1F664CE350FF}.Debug|Any CPU.Build.0 = Debug|Any CPU
		{3A908D35-70E7-4DA2-8FC2-1F664CE350FF}.Release|Any CPU.ActiveCfg = Release|Any CPU
		{3A908D35-70E7-4DA2-8FC2-1F664CE350FF}.Release|Any CPU.Build.0 = Release|Any CPU
		{8E12A7F8-2C98-444C-9242-07164DE58E9C}.Debug|Any CPU.ActiveCfg = Debug|Any CPU
		{8E12A7F8-2C98-444C-9242-07164DE58E9C}.Debug|Any CPU.Build.0 = Debug|Any CPU
		{8E12A7F8-2C98-444C-9242-07164DE58E9C}.Release|Any CPU.ActiveCfg = Release|Any CPU
		{8E12A7F8-2C98-444C-9242-07164DE58E9C}.Release|Any CPU.Build.0 = Release|Any CPU
		{643C07DB-082E-4117-8D75-3CF917E33815}.Debug|Any CPU.ActiveCfg = Debug|Any CPU
		{643C07DB-082E-4117-8D75-3CF917E33815}.Debug|Any CPU.Build.0 = Debug|Any CPU
		{643C07DB-082E-4117-8D75-3CF917E33815}.Release|Any CPU.ActiveCfg = Release|Any CPU
		{643C07DB-082E-4117-8D75-3CF917E33815}.Release|Any CPU.Build.0 = Release|Any CPU
		{B62C04E6-2DF3-49BC-8F5E-0A4388DCD9F6}.Debug|Any CPU.ActiveCfg = Debug|Any CPU
		{B62C04E6-2DF3-49BC-8F5E-0A4388DCD9F6}.Debug|Any CPU.Build.0 = Debug|Any CPU
		{B62C04E6-2DF3-49BC-8F5E-0A4388DCD9F6}.Release|Any CPU.ActiveCfg = Release|Any CPU
		{B62C04E6-2DF3-49BC-8F5E-0A4388DCD9F6}.Release|Any CPU.Build.0 = Release|Any CPU
		{9DB7AC64-6806-4C20-A9C8-99CB4AE20F57}.Debug|Any CPU.ActiveCfg = Debug|Any CPU
		{9DB7AC64-6806-4C20-A9C8-99CB4AE20F57}.Debug|Any CPU.Build.0 = Debug|Any CPU
		{9DB7AC64-6806-4C20-A9C8-99CB4AE20F57}.Release|Any CPU.ActiveCfg = Release|Any CPU
		{9DB7AC64-6806-4C20-A9C8-99CB4AE20F57}.Release|Any CPU.Build.0 = Release|Any CPU
		{10159135-E0DC-4ABC-9956-228D69E3653E}.Debug|Any CPU.ActiveCfg = Debug|Any CPU
		{10159135-E0DC-4ABC-9956-228D69E3653E}.Debug|Any CPU.Build.0 = Debug|Any CPU
		{10159135-E0DC-4ABC-9956-228D69E3653E}.Release|Any CPU.ActiveCfg = Release|Any CPU
		{10159135-E0DC-4ABC-9956-228D69E3653E}.Release|Any CPU.Build.0 = Release|Any CPU
		{94C7E8B3-87C9-4CC3-9177-B1D5164B2D7D}.Debug|Any CPU.ActiveCfg = Debug|Any CPU
		{94C7E8B3-87C9-4CC3-9177-B1D5164B2D7D}.Debug|Any CPU.Build.0 = Debug|Any CPU
		{94C7E8B3-87C9-4CC3-9177-B1D5164B2D7D}.Release|Any CPU.ActiveCfg = Release|Any CPU
		{94C7E8B3-87C9-4CC3-9177-B1D5164B2D7D}.Release|Any CPU.Build.0 = Release|Any CPU
		{94E5BD41-3570-4EE8-B6FA-15EBED519492}.Debug|Any CPU.ActiveCfg = Debug|Any CPU
		{94E5BD41-3570-4EE8-B6FA-15EBED519492}.Debug|Any CPU.Build.0 = Debug|Any CPU
		{94E5BD41-3570-4EE8-B6FA-15EBED519492}.Release|Any CPU.ActiveCfg = Release|Any CPU
		{94E5BD41-3570-4EE8-B6FA-15EBED519492}.Release|Any CPU.Build.0 = Release|Any CPU
		{386E9A6A-03A3-4B98-8AFC-203B67E060A5}.Debug|Any CPU.ActiveCfg = Debug|Any CPU
		{386E9A6A-03A3-4B98-8AFC-203B67E060A5}.Debug|Any CPU.Build.0 = Debug|Any CPU
		{386E9A6A-03A3-4B98-8AFC-203B67E060A5}.Release|Any CPU.ActiveCfg = Release|Any CPU
		{386E9A6A-03A3-4B98-8AFC-203B67E060A5}.Release|Any CPU.Build.0 = Release|Any CPU
		{F83E06ED-BED9-4167-9B7D-5FB6C984E85A}.Debug|Any CPU.ActiveCfg = Debug|Any CPU
		{F83E06ED-BED9-4167-9B7D-5FB6C984E85A}.Debug|Any CPU.Build.0 = Debug|Any CPU
		{F83E06ED-BED9-4167-9B7D-5FB6C984E85A}.Release|Any CPU.ActiveCfg = Release|Any CPU
		{F83E06ED-BED9-4167-9B7D-5FB6C984E85A}.Release|Any CPU.Build.0 = Release|Any CPU
		{D169B6EA-A094-47B4-BCD5-187E8E857489}.Debug|Any CPU.ActiveCfg = Debug|Any CPU
		{D169B6EA-A094-47B4-BCD5-187E8E857489}.Debug|Any CPU.Build.0 = Debug|Any CPU
		{D169B6EA-A094-47B4-BCD5-187E8E857489}.Release|Any CPU.ActiveCfg = Release|Any CPU
		{D169B6EA-A094-47B4-BCD5-187E8E857489}.Release|Any CPU.Build.0 = Release|Any CPU
		{22CF038A-3535-421B-A1B1-8F855C0A542F}.Debug|Any CPU.ActiveCfg = Debug|Any CPU
		{22CF038A-3535-421B-A1B1-8F855C0A542F}.Debug|Any CPU.Build.0 = Debug|Any CPU
		{22CF038A-3535-421B-A1B1-8F855C0A542F}.Release|Any CPU.ActiveCfg = Release|Any CPU
		{22CF038A-3535-421B-A1B1-8F855C0A542F}.Release|Any CPU.Build.0 = Release|Any CPU
		{B55D275E-122F-4895-AB29-AE037BD4F0DC}.Debug|Any CPU.ActiveCfg = Debug|Any CPU
		{B55D275E-122F-4895-AB29-AE037BD4F0DC}.Debug|Any CPU.Build.0 = Debug|Any CPU
		{B55D275E-122F-4895-AB29-AE037BD4F0DC}.Release|Any CPU.ActiveCfg = Release|Any CPU
		{B55D275E-122F-4895-AB29-AE037BD4F0DC}.Release|Any CPU.Build.0 = Release|Any CPU
		{BD0052CF-9994-4DA6-AE51-9D4C18285DB1}.Debug|Any CPU.ActiveCfg = Debug|Any CPU
		{BD0052CF-9994-4DA6-AE51-9D4C18285DB1}.Debug|Any CPU.Build.0 = Debug|Any CPU
		{BD0052CF-9994-4DA6-AE51-9D4C18285DB1}.Release|Any CPU.ActiveCfg = Release|Any CPU
		{BD0052CF-9994-4DA6-AE51-9D4C18285DB1}.Release|Any CPU.Build.0 = Release|Any CPU
		{9B53BCEE-C718-46C9-B99E-A815797685A7}.Debug|Any CPU.ActiveCfg = Debug|Any CPU
		{9B53BCEE-C718-46C9-B99E-A815797685A7}.Debug|Any CPU.Build.0 = Debug|Any CPU
		{9B53BCEE-C718-46C9-B99E-A815797685A7}.Release|Any CPU.ActiveCfg = Release|Any CPU
		{9B53BCEE-C718-46C9-B99E-A815797685A7}.Release|Any CPU.Build.0 = Release|Any CPU
		{374C051D-512B-4C75-A80F-E79847C2CB96}.Debug|Any CPU.ActiveCfg = Debug|Any CPU
		{374C051D-512B-4C75-A80F-E79847C2CB96}.Debug|Any CPU.Build.0 = Debug|Any CPU
		{374C051D-512B-4C75-A80F-E79847C2CB96}.Release|Any CPU.ActiveCfg = Release|Any CPU
		{374C051D-512B-4C75-A80F-E79847C2CB96}.Release|Any CPU.Build.0 = Release|Any CPU
		{4C8BCCC8-CF26-47A4-B1C1-4A835F2DD774}.Debug|Any CPU.ActiveCfg = Debug|Any CPU
		{4C8BCCC8-CF26-47A4-B1C1-4A835F2DD774}.Debug|Any CPU.Build.0 = Debug|Any CPU
		{4C8BCCC8-CF26-47A4-B1C1-4A835F2DD774}.Release|Any CPU.ActiveCfg = Release|Any CPU
		{4C8BCCC8-CF26-47A4-B1C1-4A835F2DD774}.Release|Any CPU.Build.0 = Release|Any CPU
		{14A5C5DC-92CA-4158-BCC2-4D00DF8A35F9}.Debug|Any CPU.ActiveCfg = Debug|Any CPU
		{14A5C5DC-92CA-4158-BCC2-4D00DF8A35F9}.Debug|Any CPU.Build.0 = Debug|Any CPU
		{14A5C5DC-92CA-4158-BCC2-4D00DF8A35F9}.Release|Any CPU.ActiveCfg = Release|Any CPU
		{14A5C5DC-92CA-4158-BCC2-4D00DF8A35F9}.Release|Any CPU.Build.0 = Release|Any CPU
		{04EEB093-7525-4E8E-941F-D144B6F71CC2}.Debug|Any CPU.ActiveCfg = Debug|Any CPU
		{04EEB093-7525-4E8E-941F-D144B6F71CC2}.Debug|Any CPU.Build.0 = Debug|Any CPU
		{04EEB093-7525-4E8E-941F-D144B6F71CC2}.Release|Any CPU.ActiveCfg = Release|Any CPU
		{04EEB093-7525-4E8E-941F-D144B6F71CC2}.Release|Any CPU.Build.0 = Release|Any CPU
		{401032B5-7C6B-4BB3-9FC7-66619B326812}.Debug|Any CPU.ActiveCfg = Debug|Any CPU
		{401032B5-7C6B-4BB3-9FC7-66619B326812}.Debug|Any CPU.Build.0 = Debug|Any CPU
		{401032B5-7C6B-4BB3-9FC7-66619B326812}.Release|Any CPU.ActiveCfg = Release|Any CPU
		{401032B5-7C6B-4BB3-9FC7-66619B326812}.Release|Any CPU.Build.0 = Release|Any CPU
		{ADD1DE5C-B4AA-4DE2-9500-543F85D63E8F}.Debug|Any CPU.ActiveCfg = Debug|Any CPU
		{ADD1DE5C-B4AA-4DE2-9500-543F85D63E8F}.Debug|Any CPU.Build.0 = Debug|Any CPU
		{ADD1DE5C-B4AA-4DE2-9500-543F85D63E8F}.Release|Any CPU.ActiveCfg = Release|Any CPU
		{ADD1DE5C-B4AA-4DE2-9500-543F85D63E8F}.Release|Any CPU.Build.0 = Release|Any CPU
		{B494CB62-63D3-4514-8272-51F8AD6C61E4}.Debug|Any CPU.ActiveCfg = Debug|Any CPU
		{B494CB62-63D3-4514-8272-51F8AD6C61E4}.Debug|Any CPU.Build.0 = Debug|Any CPU
		{B494CB62-63D3-4514-8272-51F8AD6C61E4}.Release|Any CPU.ActiveCfg = Release|Any CPU
		{B494CB62-63D3-4514-8272-51F8AD6C61E4}.Release|Any CPU.Build.0 = Release|Any CPU
		{10CC3451-DB78-463A-8702-1D5EC85E87D5}.Debug|Any CPU.ActiveCfg = Debug|Any CPU
		{10CC3451-DB78-463A-8702-1D5EC85E87D5}.Debug|Any CPU.Build.0 = Debug|Any CPU
		{10CC3451-DB78-463A-8702-1D5EC85E87D5}.Release|Any CPU.ActiveCfg = Release|Any CPU
		{10CC3451-DB78-463A-8702-1D5EC85E87D5}.Release|Any CPU.Build.0 = Release|Any CPU
		{E99B1405-331E-49F2-ACB5-7CA04775DEDE}.Debug|Any CPU.ActiveCfg = Debug|Any CPU
		{E99B1405-331E-49F2-ACB5-7CA04775DEDE}.Debug|Any CPU.Build.0 = Debug|Any CPU
		{E99B1405-331E-49F2-ACB5-7CA04775DEDE}.Release|Any CPU.ActiveCfg = Release|Any CPU
		{E99B1405-331E-49F2-ACB5-7CA04775DEDE}.Release|Any CPU.Build.0 = Release|Any CPU
		{BC5E2846-A445-4C7D-AF92-EA5DF375640A}.Debug|Any CPU.ActiveCfg = Debug|Any CPU
		{BC5E2846-A445-4C7D-AF92-EA5DF375640A}.Debug|Any CPU.Build.0 = Debug|Any CPU
		{BC5E2846-A445-4C7D-AF92-EA5DF375640A}.Release|Any CPU.ActiveCfg = Release|Any CPU
		{BC5E2846-A445-4C7D-AF92-EA5DF375640A}.Release|Any CPU.Build.0 = Release|Any CPU
		{EDC85C49-2BA1-4730-85E1-22CFCE91991A}.Debug|Any CPU.ActiveCfg = Debug|Any CPU
		{EDC85C49-2BA1-4730-85E1-22CFCE91991A}.Debug|Any CPU.Build.0 = Debug|Any CPU
		{EDC85C49-2BA1-4730-85E1-22CFCE91991A}.Release|Any CPU.ActiveCfg = Release|Any CPU
		{EDC85C49-2BA1-4730-85E1-22CFCE91991A}.Release|Any CPU.Build.0 = Release|Any CPU
		{80E0876A-FA44-4586-9BE5-1063E38FB99B}.Debug|Any CPU.ActiveCfg = Debug|Any CPU
		{80E0876A-FA44-4586-9BE5-1063E38FB99B}.Debug|Any CPU.Build.0 = Debug|Any CPU
		{80E0876A-FA44-4586-9BE5-1063E38FB99B}.Release|Any CPU.ActiveCfg = Release|Any CPU
		{80E0876A-FA44-4586-9BE5-1063E38FB99B}.Release|Any CPU.Build.0 = Release|Any CPU
		{16BD681C-AB6E-4E59-992E-C6FDCE5F4FAE}.Debug|Any CPU.ActiveCfg = Debug|Any CPU
		{16BD681C-AB6E-4E59-992E-C6FDCE5F4FAE}.Debug|Any CPU.Build.0 = Debug|Any CPU
		{16BD681C-AB6E-4E59-992E-C6FDCE5F4FAE}.Release|Any CPU.ActiveCfg = Release|Any CPU
		{16BD681C-AB6E-4E59-992E-C6FDCE5F4FAE}.Release|Any CPU.Build.0 = Release|Any CPU
		{C9B16836-89F0-4778-AC88-08589718C1C0}.Debug|Any CPU.ActiveCfg = Debug|Any CPU
		{C9B16836-89F0-4778-AC88-08589718C1C0}.Debug|Any CPU.Build.0 = Debug|Any CPU
		{C9B16836-89F0-4778-AC88-08589718C1C0}.Release|Any CPU.ActiveCfg = Release|Any CPU
		{C9B16836-89F0-4778-AC88-08589718C1C0}.Release|Any CPU.Build.0 = Release|Any CPU
		{5290CDE4-6033-433C-BA69-92397AEB6EBA}.Debug|Any CPU.ActiveCfg = Debug|Any CPU
		{5290CDE4-6033-433C-BA69-92397AEB6EBA}.Debug|Any CPU.Build.0 = Debug|Any CPU
		{5290CDE4-6033-433C-BA69-92397AEB6EBA}.Release|Any CPU.ActiveCfg = Release|Any CPU
		{5290CDE4-6033-433C-BA69-92397AEB6EBA}.Release|Any CPU.Build.0 = Release|Any CPU
		{CEDFB229-53AF-4D24-B1C4-F2AFF084E022}.Debug|Any CPU.ActiveCfg = Debug|Any CPU
		{CEDFB229-53AF-4D24-B1C4-F2AFF084E022}.Debug|Any CPU.Build.0 = Debug|Any CPU
		{CEDFB229-53AF-4D24-B1C4-F2AFF084E022}.Release|Any CPU.ActiveCfg = Release|Any CPU
		{CEDFB229-53AF-4D24-B1C4-F2AFF084E022}.Release|Any CPU.Build.0 = Release|Any CPU
		{F6208EFD-F681-4F9D-9EE7-68EF8CD0D574}.Debug|Any CPU.ActiveCfg = Debug|Any CPU
		{F6208EFD-F681-4F9D-9EE7-68EF8CD0D574}.Debug|Any CPU.Build.0 = Debug|Any CPU
		{F6208EFD-F681-4F9D-9EE7-68EF8CD0D574}.Release|Any CPU.ActiveCfg = Release|Any CPU
		{F6208EFD-F681-4F9D-9EE7-68EF8CD0D574}.Release|Any CPU.Build.0 = Release|Any CPU
		{39B7A786-F9C6-4D2E-A9F3-0DE759C23834}.Debug|Any CPU.ActiveCfg = Debug|Any CPU
		{39B7A786-F9C6-4D2E-A9F3-0DE759C23834}.Debug|Any CPU.Build.0 = Debug|Any CPU
		{39B7A786-F9C6-4D2E-A9F3-0DE759C23834}.Release|Any CPU.ActiveCfg = Release|Any CPU
		{39B7A786-F9C6-4D2E-A9F3-0DE759C23834}.Release|Any CPU.Build.0 = Release|Any CPU
	EndGlobalSection
	GlobalSection(SolutionProperties) = preSolution
		HideSolutionNode = FALSE
	EndGlobalSection
	GlobalSection(NestedProjects) = preSolution
		{8E12A7F8-2C98-444C-9242-07164DE58E9C} = {083A78FB-1B77-4383-868C-D9D3EB0E682E}
		{643C07DB-082E-4117-8D75-3CF917E33815} = {083A78FB-1B77-4383-868C-D9D3EB0E682E}
		{94C7E8B3-87C9-4CC3-9177-B1D5164B2D7D} = {083A78FB-1B77-4383-868C-D9D3EB0E682E}
		{B55D275E-122F-4895-AB29-AE037BD4F0DC} = {EB200888-007B-45F9-B48D-FEBF2BAF6F5F}
		{BD0052CF-9994-4DA6-AE51-9D4C18285DB1} = {EB200888-007B-45F9-B48D-FEBF2BAF6F5F}
		{9B53BCEE-C718-46C9-B99E-A815797685A7} = {EB200888-007B-45F9-B48D-FEBF2BAF6F5F}
		{374C051D-512B-4C75-A80F-E79847C2CB96} = {EB200888-007B-45F9-B48D-FEBF2BAF6F5F}
		{14A5C5DC-92CA-4158-BCC2-4D00DF8A35F9} = {EB200888-007B-45F9-B48D-FEBF2BAF6F5F}
		{04EEB093-7525-4E8E-941F-D144B6F71CC2} = {EB200888-007B-45F9-B48D-FEBF2BAF6F5F}
		{401032B5-7C6B-4BB3-9FC7-66619B326812} = {083A78FB-1B77-4383-868C-D9D3EB0E682E}
		{ADD1DE5C-B4AA-4DE2-9500-543F85D63E8F} = {58CD75DE-F1E9-4BBD-8945-0BB392EDC8EE}
		{B494CB62-63D3-4514-8272-51F8AD6C61E4} = {083A78FB-1B77-4383-868C-D9D3EB0E682E}
		{10CC3451-DB78-463A-8702-1D5EC85E87D5} = {EB200888-007B-45F9-B48D-FEBF2BAF6F5F}
		{E99B1405-331E-49F2-ACB5-7CA04775DEDE} = {083A78FB-1B77-4383-868C-D9D3EB0E682E}
		{BC5E2846-A445-4C7D-AF92-EA5DF375640A} = {083A78FB-1B77-4383-868C-D9D3EB0E682E}
		{EDC85C49-2BA1-4730-85E1-22CFCE91991A} = {58CD75DE-F1E9-4BBD-8945-0BB392EDC8EE}
		{80E0876A-FA44-4586-9BE5-1063E38FB99B} = {58CD75DE-F1E9-4BBD-8945-0BB392EDC8EE}
		{16BD681C-AB6E-4E59-992E-C6FDCE5F4FAE} = {58CD75DE-F1E9-4BBD-8945-0BB392EDC8EE}
		{C9B16836-89F0-4778-AC88-08589718C1C0} = {58CD75DE-F1E9-4BBD-8945-0BB392EDC8EE}
		{5290CDE4-6033-433C-BA69-92397AEB6EBA} = {58CD75DE-F1E9-4BBD-8945-0BB392EDC8EE}
		{CEDFB229-53AF-4D24-B1C4-F2AFF084E022} = {58CD75DE-F1E9-4BBD-8945-0BB392EDC8EE}
		{F6208EFD-F681-4F9D-9EE7-68EF8CD0D574} = {58CD75DE-F1E9-4BBD-8945-0BB392EDC8EE}
	EndGlobalSection
	GlobalSection(ExtensibilityGlobals) = postSolution
		SolutionGuid = {BA018103-0F59-4D7F-9119-099BF2CC020F}
	EndGlobalSection
EndGlobal
