
Microsoft Visual Studio Solution File, Format Version 12.00
# Visual Studio Version 17
VisualStudioVersion = 17.0.32112.339
MinimumVisualStudioVersion = 10.0.40219.1
Project("{9A19103F-16F7-4668-BE54-9A1E7A4F7556}") = "DomainBlocks.Core", "DomainBlocks.Core\DomainBlocks.Core.csproj", "{3A908D35-70E7-4DA2-8FC2-1F664CE350FF}"
EndProject
Project("{9A19103F-16F7-4668-BE54-9A1E7A4F7556}") = "Shopping.Domain.Tests", "Examples\Shopping.Domain.Tests\Shopping.Domain.Tests.csproj", "{8E12A7F8-2C98-444C-9242-07164DE58E9C}"
EndProject
Project("{9A19103F-16F7-4668-BE54-9A1E7A4F7556}") = "Shopping.Domain", "Examples\Shopping.Domain\Shopping.Domain.csproj", "{643C07DB-082E-4117-8D75-3CF917E33815}"
EndProject
Project("{9A19103F-16F7-4668-BE54-9A1E7A4F7556}") = "DomainBlocks.Core.Tests", "DomainBlocks.Core.Tests\DomainBlocks.Core.Tests.csproj", "{B62C04E6-2DF3-49BC-8F5E-0A4388DCD9F6}"
EndProject
Project("{2150E333-8FDC-42A3-9474-1A3956D46DE8}") = "Examples", "Examples", "{083A78FB-1B77-4383-868C-D9D3EB0E682E}"
EndProject
Project("{9A19103F-16F7-4668-BE54-9A1E7A4F7556}") = "Shopping.Infrastructure.Tests", "Examples\Shopping.Infrastructure.Tests\Shopping.Infrastructure.Tests.csproj", "{94C7E8B3-87C9-4CC3-9177-B1D5164B2D7D}"
EndProject
Project("{9A19103F-16F7-4668-BE54-9A1E7A4F7556}") = "DomainBlocks.EventStore.Testing", "DomainBlocks.EventStore.Testing\DomainBlocks.EventStore.Testing.csproj", "{F83E06ED-BED9-4167-9B7D-5FB6C984E85A}"
EndProject
Project("{9A19103F-16F7-4668-BE54-9A1E7A4F7556}") = "DomainBlocks.Testing", "DomainBlocks.Testing\DomainBlocks.Testing.csproj", "{D169B6EA-A094-47B4-BCD5-187E8E857489}"
EndProject
Project("{9A19103F-16F7-4668-BE54-9A1E7A4F7556}") = "Shopping.Api", "Examples\Shopping.Api\Shopping.Api.csproj", "{401032B5-7C6B-4BB3-9FC7-66619B326812}"
EndProject
Project("{2150E333-8FDC-42A3-9474-1A3956D46DE8}") = "_Solution Items", "_Solution Items", "{8A122EA1-8627-4264-A1FF-DD5D642D3D19}"
	ProjectSection(SolutionItems) = preProject
		Directory.Build.props = Directory.Build.props
		docker-compose.test.yml = docker-compose.test.yml
		dotnet-tools.json = dotnet-tools.json
		version.json = version.json
	EndProjectSection
EndProject
Project("{9A19103F-16F7-4668-BE54-9A1E7A4F7556}") = "Shopping.ReadModel", "Examples\Shopping.ReadModel\Shopping.ReadModel.csproj", "{E99B1405-331E-49F2-ACB5-7CA04775DEDE}"
EndProject
Project("{9A19103F-16F7-4668-BE54-9A1E7A4F7556}") = "Shopping.Domain.Events", "Examples\Shopping.Domain.Events\Shopping.Domain.Events.csproj", "{BC5E2846-A445-4C7D-AF92-EA5DF375640A}"
EndProject
Project("{9A19103F-16F7-4668-BE54-9A1E7A4F7556}") = "DomainBlocks.Hosting", "DomainBlocks.Hosting\DomainBlocks.Hosting.csproj", "{EDC85C49-2BA1-4730-85E1-22CFCE91991A}"
EndProject
Project("{E53339B2-1760-4266-BCC7-CA923CBCF16C}") = "Shopping.DockerCompose", "Examples\Shopping.DockerCompose.dcproj", "{B494CB62-63D3-4514-8272-51F8AD6C61E4}"
EndProject
Project("{FAE04EC0-301F-11D3-BF4B-00C04F79EFBC}") = "DomainBlocks.Core.Benchmarks", "DomainBlocks.Core.Benchmarks\DomainBlocks.Core.Benchmarks.csproj", "{2BE7F87E-6325-4C05-99EF-3CB8C622DDCB}"
EndProject
Project("{2150E333-8FDC-42A3-9474-1A3956D46DE8}") = "Tests", "Tests", "{2FE61C82-E166-4A8B-ABDB-F4FB87FA3F91}"
EndProject
Project("{FAE04EC0-301F-11D3-BF4B-00C04F79EFBC}") = "DomainBlocks.SqlStreamStore", "DomainBlocks.SqlStreamStore\DomainBlocks.SqlStreamStore.csproj", "{48FE1CB7-E6D5-4723-B56F-2A0A2EB0CA61}"
EndProject
Project("{FAE04EC0-301F-11D3-BF4B-00C04F79EFBC}") = "DomainBlocks.EventStore", "DomainBlocks.EventStore\DomainBlocks.EventStore.csproj", "{0C4BBF0F-EE58-403C-832F-6A6178C73408}"
EndProject
Project("{FAE04EC0-301F-11D3-BF4B-00C04F79EFBC}") = "DomainBlocks.SqlStreamStore.Tests", "DomainBlocks.SqlStreamStore.Tests\DomainBlocks.SqlStreamStore.Tests.csproj", "{4C40FC22-5F33-43F4-AB98-06B3EC59B627}"
EndProject
Project("{FAE04EC0-301F-11D3-BF4B-00C04F79EFBC}") = "DomainBlocks.Playground", "DomainBlocks.Playground\DomainBlocks.Playground.csproj", "{23EDB3B7-EAA2-44A0-B8FB-4915C29368B4}"
EndProject
Project("{FAE04EC0-301F-11D3-BF4B-00C04F79EFBC}") = "DomainBlocks.EventStore.Tests", "DomainBlocks.EventStore.Tests\DomainBlocks.EventStore.Tests.csproj", "{DBC9F3D3-EE97-4298-BBEC-8A40F81759F0}"
EndProject
Project("{FAE04EC0-301F-11D3-BF4B-00C04F79EFBC}") = "DomainBlocks.DependencyInjection", "DomainBlocks.DependencyInjection\DomainBlocks.DependencyInjection.csproj", "{44AF44A2-3A8C-4169-B052-B13E62CB7CCB}"
EndProject
Project("{FAE04EC0-301F-11D3-BF4B-00C04F79EFBC}") = "DomainBlocks.SqlStreamStore.Postgres", "DomainBlocks.SqlStreamStore.Postgres\DomainBlocks.SqlStreamStore.Postgres.csproj", "{C71B3879-71AC-4299-949A-CE5CF2ED5057}"
EndProject
Global
	GlobalSection(SolutionConfigurationPlatforms) = preSolution
		Debug|Any CPU = Debug|Any CPU
		Release|Any CPU = Release|Any CPU
	EndGlobalSection
	GlobalSection(ProjectConfigurationPlatforms) = postSolution
		{3A908D35-70E7-4DA2-8FC2-1F664CE350FF}.Debug|Any CPU.ActiveCfg = Debug|Any CPU
		{3A908D35-70E7-4DA2-8FC2-1F664CE350FF}.Debug|Any CPU.Build.0 = Debug|Any CPU
		{3A908D35-70E7-4DA2-8FC2-1F664CE350FF}.Release|Any CPU.ActiveCfg = Release|Any CPU
		{3A908D35-70E7-4DA2-8FC2-1F664CE350FF}.Release|Any CPU.Build.0 = Release|Any CPU
		{8E12A7F8-2C98-444C-9242-07164DE58E9C}.Debug|Any CPU.ActiveCfg = Debug|Any CPU
		{8E12A7F8-2C98-444C-9242-07164DE58E9C}.Debug|Any CPU.Build.0 = Debug|Any CPU
		{8E12A7F8-2C98-444C-9242-07164DE58E9C}.Release|Any CPU.ActiveCfg = Release|Any CPU
		{8E12A7F8-2C98-444C-9242-07164DE58E9C}.Release|Any CPU.Build.0 = Release|Any CPU
		{643C07DB-082E-4117-8D75-3CF917E33815}.Debug|Any CPU.ActiveCfg = Debug|Any CPU
		{643C07DB-082E-4117-8D75-3CF917E33815}.Debug|Any CPU.Build.0 = Debug|Any CPU
		{643C07DB-082E-4117-8D75-3CF917E33815}.Release|Any CPU.ActiveCfg = Release|Any CPU
		{643C07DB-082E-4117-8D75-3CF917E33815}.Release|Any CPU.Build.0 = Release|Any CPU
		{B62C04E6-2DF3-49BC-8F5E-0A4388DCD9F6}.Debug|Any CPU.ActiveCfg = Debug|Any CPU
		{B62C04E6-2DF3-49BC-8F5E-0A4388DCD9F6}.Debug|Any CPU.Build.0 = Debug|Any CPU
		{B62C04E6-2DF3-49BC-8F5E-0A4388DCD9F6}.Release|Any CPU.ActiveCfg = Release|Any CPU
		{B62C04E6-2DF3-49BC-8F5E-0A4388DCD9F6}.Release|Any CPU.Build.0 = Release|Any CPU
		{94C7E8B3-87C9-4CC3-9177-B1D5164B2D7D}.Debug|Any CPU.ActiveCfg = Debug|Any CPU
		{94C7E8B3-87C9-4CC3-9177-B1D5164B2D7D}.Debug|Any CPU.Build.0 = Debug|Any CPU
		{94C7E8B3-87C9-4CC3-9177-B1D5164B2D7D}.Release|Any CPU.ActiveCfg = Release|Any CPU
		{94C7E8B3-87C9-4CC3-9177-B1D5164B2D7D}.Release|Any CPU.Build.0 = Release|Any CPU
		{F83E06ED-BED9-4167-9B7D-5FB6C984E85A}.Debug|Any CPU.ActiveCfg = Debug|Any CPU
		{F83E06ED-BED9-4167-9B7D-5FB6C984E85A}.Debug|Any CPU.Build.0 = Debug|Any CPU
		{F83E06ED-BED9-4167-9B7D-5FB6C984E85A}.Release|Any CPU.ActiveCfg = Release|Any CPU
		{F83E06ED-BED9-4167-9B7D-5FB6C984E85A}.Release|Any CPU.Build.0 = Release|Any CPU
		{D169B6EA-A094-47B4-BCD5-187E8E857489}.Debug|Any CPU.ActiveCfg = Debug|Any CPU
		{D169B6EA-A094-47B4-BCD5-187E8E857489}.Debug|Any CPU.Build.0 = Debug|Any CPU
		{D169B6EA-A094-47B4-BCD5-187E8E857489}.Release|Any CPU.ActiveCfg = Release|Any CPU
		{D169B6EA-A094-47B4-BCD5-187E8E857489}.Release|Any CPU.Build.0 = Release|Any CPU
		{401032B5-7C6B-4BB3-9FC7-66619B326812}.Debug|Any CPU.ActiveCfg = Debug|Any CPU
		{401032B5-7C6B-4BB3-9FC7-66619B326812}.Debug|Any CPU.Build.0 = Debug|Any CPU
		{401032B5-7C6B-4BB3-9FC7-66619B326812}.Release|Any CPU.ActiveCfg = Release|Any CPU
		{401032B5-7C6B-4BB3-9FC7-66619B326812}.Release|Any CPU.Build.0 = Release|Any CPU
		{E99B1405-331E-49F2-ACB5-7CA04775DEDE}.Debug|Any CPU.ActiveCfg = Debug|Any CPU
		{E99B1405-331E-49F2-ACB5-7CA04775DEDE}.Debug|Any CPU.Build.0 = Debug|Any CPU
		{E99B1405-331E-49F2-ACB5-7CA04775DEDE}.Release|Any CPU.ActiveCfg = Release|Any CPU
		{E99B1405-331E-49F2-ACB5-7CA04775DEDE}.Release|Any CPU.Build.0 = Release|Any CPU
		{BC5E2846-A445-4C7D-AF92-EA5DF375640A}.Debug|Any CPU.ActiveCfg = Debug|Any CPU
		{BC5E2846-A445-4C7D-AF92-EA5DF375640A}.Debug|Any CPU.Build.0 = Debug|Any CPU
		{BC5E2846-A445-4C7D-AF92-EA5DF375640A}.Release|Any CPU.ActiveCfg = Release|Any CPU
		{BC5E2846-A445-4C7D-AF92-EA5DF375640A}.Release|Any CPU.Build.0 = Release|Any CPU
		{EDC85C49-2BA1-4730-85E1-22CFCE91991A}.Debug|Any CPU.ActiveCfg = Debug|Any CPU
		{EDC85C49-2BA1-4730-85E1-22CFCE91991A}.Debug|Any CPU.Build.0 = Debug|Any CPU
		{EDC85C49-2BA1-4730-85E1-22CFCE91991A}.Release|Any CPU.ActiveCfg = Release|Any CPU
		{EDC85C49-2BA1-4730-85E1-22CFCE91991A}.Release|Any CPU.Build.0 = Release|Any CPU
		{B494CB62-63D3-4514-8272-51F8AD6C61E4}.Debug|Any CPU.ActiveCfg = Debug|Any CPU
		{B494CB62-63D3-4514-8272-51F8AD6C61E4}.Debug|Any CPU.Build.0 = Debug|Any CPU
		{B494CB62-63D3-4514-8272-51F8AD6C61E4}.Release|Any CPU.ActiveCfg = Release|Any CPU
		{B494CB62-63D3-4514-8272-51F8AD6C61E4}.Release|Any CPU.Build.0 = Release|Any CPU
		{2BE7F87E-6325-4C05-99EF-3CB8C622DDCB}.Debug|Any CPU.ActiveCfg = Debug|Any CPU
		{2BE7F87E-6325-4C05-99EF-3CB8C622DDCB}.Debug|Any CPU.Build.0 = Debug|Any CPU
		{2BE7F87E-6325-4C05-99EF-3CB8C622DDCB}.Release|Any CPU.ActiveCfg = Release|Any CPU
		{2BE7F87E-6325-4C05-99EF-3CB8C622DDCB}.Release|Any CPU.Build.0 = Release|Any CPU
		{48FE1CB7-E6D5-4723-B56F-2A0A2EB0CA61}.Debug|Any CPU.ActiveCfg = Debug|Any CPU
		{48FE1CB7-E6D5-4723-B56F-2A0A2EB0CA61}.Debug|Any CPU.Build.0 = Debug|Any CPU
		{48FE1CB7-E6D5-4723-B56F-2A0A2EB0CA61}.Release|Any CPU.ActiveCfg = Release|Any CPU
		{48FE1CB7-E6D5-4723-B56F-2A0A2EB0CA61}.Release|Any CPU.Build.0 = Release|Any CPU
		{0C4BBF0F-EE58-403C-832F-6A6178C73408}.Debug|Any CPU.ActiveCfg = Debug|Any CPU
		{0C4BBF0F-EE58-403C-832F-6A6178C73408}.Debug|Any CPU.Build.0 = Debug|Any CPU
		{0C4BBF0F-EE58-403C-832F-6A6178C73408}.Release|Any CPU.ActiveCfg = Release|Any CPU
		{0C4BBF0F-EE58-403C-832F-6A6178C73408}.Release|Any CPU.Build.0 = Release|Any CPU
		{4C40FC22-5F33-43F4-AB98-06B3EC59B627}.Debug|Any CPU.ActiveCfg = Debug|Any CPU
		{4C40FC22-5F33-43F4-AB98-06B3EC59B627}.Debug|Any CPU.Build.0 = Debug|Any CPU
		{4C40FC22-5F33-43F4-AB98-06B3EC59B627}.Release|Any CPU.ActiveCfg = Release|Any CPU
		{4C40FC22-5F33-43F4-AB98-06B3EC59B627}.Release|Any CPU.Build.0 = Release|Any CPU
		{23EDB3B7-EAA2-44A0-B8FB-4915C29368B4}.Debug|Any CPU.ActiveCfg = Debug|Any CPU
		{23EDB3B7-EAA2-44A0-B8FB-4915C29368B4}.Debug|Any CPU.Build.0 = Debug|Any CPU
		{23EDB3B7-EAA2-44A0-B8FB-4915C29368B4}.Release|Any CPU.ActiveCfg = Release|Any CPU
		{23EDB3B7-EAA2-44A0-B8FB-4915C29368B4}.Release|Any CPU.Build.0 = Release|Any CPU
		{DBC9F3D3-EE97-4298-BBEC-8A40F81759F0}.Debug|Any CPU.ActiveCfg = Debug|Any CPU
		{DBC9F3D3-EE97-4298-BBEC-8A40F81759F0}.Debug|Any CPU.Build.0 = Debug|Any CPU
		{DBC9F3D3-EE97-4298-BBEC-8A40F81759F0}.Release|Any CPU.ActiveCfg = Release|Any CPU
		{DBC9F3D3-EE97-4298-BBEC-8A40F81759F0}.Release|Any CPU.Build.0 = Release|Any CPU
		{44AF44A2-3A8C-4169-B052-B13E62CB7CCB}.Debug|Any CPU.ActiveCfg = Debug|Any CPU
		{44AF44A2-3A8C-4169-B052-B13E62CB7CCB}.Debug|Any CPU.Build.0 = Debug|Any CPU
		{44AF44A2-3A8C-4169-B052-B13E62CB7CCB}.Release|Any CPU.ActiveCfg = Release|Any CPU
		{44AF44A2-3A8C-4169-B052-B13E62CB7CCB}.Release|Any CPU.Build.0 = Release|Any CPU
		{C71B3879-71AC-4299-949A-CE5CF2ED5057}.Debug|Any CPU.ActiveCfg = Debug|Any CPU
		{C71B3879-71AC-4299-949A-CE5CF2ED5057}.Debug|Any CPU.Build.0 = Debug|Any CPU
		{C71B3879-71AC-4299-949A-CE5CF2ED5057}.Release|Any CPU.ActiveCfg = Release|Any CPU
		{C71B3879-71AC-4299-949A-CE5CF2ED5057}.Release|Any CPU.Build.0 = Release|Any CPU
	EndGlobalSection
	GlobalSection(SolutionProperties) = preSolution
		HideSolutionNode = FALSE
	EndGlobalSection
	GlobalSection(NestedProjects) = preSolution
		{8E12A7F8-2C98-444C-9242-07164DE58E9C} = {083A78FB-1B77-4383-868C-D9D3EB0E682E}
		{643C07DB-082E-4117-8D75-3CF917E33815} = {083A78FB-1B77-4383-868C-D9D3EB0E682E}
		{94C7E8B3-87C9-4CC3-9177-B1D5164B2D7D} = {083A78FB-1B77-4383-868C-D9D3EB0E682E}
		{401032B5-7C6B-4BB3-9FC7-66619B326812} = {083A78FB-1B77-4383-868C-D9D3EB0E682E}
		{E99B1405-331E-49F2-ACB5-7CA04775DEDE} = {083A78FB-1B77-4383-868C-D9D3EB0E682E}
		{BC5E2846-A445-4C7D-AF92-EA5DF375640A} = {083A78FB-1B77-4383-868C-D9D3EB0E682E}
		{B494CB62-63D3-4514-8272-51F8AD6C61E4} = {083A78FB-1B77-4383-868C-D9D3EB0E682E}
		{B62C04E6-2DF3-49BC-8F5E-0A4388DCD9F6} = {2FE61C82-E166-4A8B-ABDB-F4FB87FA3F91}
		{F83E06ED-BED9-4167-9B7D-5FB6C984E85A} = {2FE61C82-E166-4A8B-ABDB-F4FB87FA3F91}
		{D169B6EA-A094-47B4-BCD5-187E8E857489} = {2FE61C82-E166-4A8B-ABDB-F4FB87FA3F91}
		{2BE7F87E-6325-4C05-99EF-3CB8C622DDCB} = {2FE61C82-E166-4A8B-ABDB-F4FB87FA3F91}
		{4C40FC22-5F33-43F4-AB98-06B3EC59B627} = {2FE61C82-E166-4A8B-ABDB-F4FB87FA3F91}
		{23EDB3B7-EAA2-44A0-B8FB-4915C29368B4} = {2FE61C82-E166-4A8B-ABDB-F4FB87FA3F91}
		{DBC9F3D3-EE97-4298-BBEC-8A40F81759F0} = {2FE61C82-E166-4A8B-ABDB-F4FB87FA3F91}
	EndGlobalSection
	GlobalSection(ExtensibilityGlobals) = postSolution
		SolutionGuid = {BA018103-0F59-4D7F-9119-099BF2CC020F}
	EndGlobalSection
EndGlobal
